
Microsoft Visual Studio Solution File, Format Version 12.00
# Visual Studio Version 16
VisualStudioVersion = 16.0.30104.148
MinimumVisualStudioVersion = 15.0.26124.0
Project("{2150E333-8FDC-42A3-9474-1A3956D46DE8}") = "src", "src", "{4D45D3DC-4EB8-4460-A7F0-1A13B498D346}"
EndProject
Project("{2150E333-8FDC-42A3-9474-1A3956D46DE8}") = "microservices", "microservices", "{E90F07F5-DBB5-427E-9E27-CA46264D3263}"
EndProject
Project("{2150E333-8FDC-42A3-9474-1A3956D46DE8}") = "Activity", "Activity", "{49070015-F0B3-4AE6-834A-E63A0AB72564}"
EndProject
Project("{9A19103F-16F7-4668-BE54-9A1E7A4F7556}") = "Activity.API", "src\microservices\Activity\Activity.API\Activity.API.csproj", "{CE6EC630-68A8-465F-BAC1-6755F709E317}"
EndProject
Project("{9A19103F-16F7-4668-BE54-9A1E7A4F7556}") = "Activity.Domain", "src\microservices\Activity\Activity.Domain\Activity.Domain.csproj", "{89D5F292-B77C-4C9A-9550-FE03D6570EF9}"
EndProject
Project("{9A19103F-16F7-4668-BE54-9A1E7A4F7556}") = "Activity.Application", "src\microservices\Activity\Activity.Application\Activity.Application.csproj", "{4EA4827A-268A-411F-BD22-37654B4E95C8}"
EndProject
Project("{9A19103F-16F7-4668-BE54-9A1E7A4F7556}") = "Activity.Infrastructure", "src\microservices\Activity\Activity.Infrastructure\Activity.Infrastructure.csproj", "{BF3C2A68-C12A-4835-B265-DAB9D59662F0}"
EndProject
Project("{2150E333-8FDC-42A3-9474-1A3956D46DE8}") = "buildingblocks", "buildingblocks", "{99109141-98FD-4595-9E0E-E11688A4FCC1}"
EndProject
Project("{9A19103F-16F7-4668-BE54-9A1E7A4F7556}") = "BuildingBlocks.Domain", "src\buildingblocks\BuildingBlocks.Domain\BuildingBlocks.Domain.csproj", "{E67043F4-7351-45CF-A3CF-84E9E8B130B7}"
EndProject
Project("{9A19103F-16F7-4668-BE54-9A1E7A4F7556}") = "BuildingBlocks.Infrastructure", "src\buildingblocks\BuildingBlocks.Infrastructure\BuildingBlocks.Infrastructure.csproj", "{AADC0822-05EC-4FC0-9D78-8442450212FD}"
EndProject
Project("{9A19103F-16F7-4668-BE54-9A1E7A4F7556}") = "BuildingBlocks.Application", "src\buildingblocks\BuildingBlocks.Application\BuildingBlocks.Application.csproj", "{8E68B70D-ADF1-48E9-8DB8-A8F4E46F9B55}"
EndProject
Project("{2150E333-8FDC-42A3-9474-1A3956D46DE8}") = "tests", "tests", "{2607F40D-D753-47AC-8076-ED38B3F0F38D}"
EndProject
Project("{9A19103F-16F7-4668-BE54-9A1E7A4F7556}") = "Activity.UnitTests", "src\microservices\Activity\Activity.UnitTests\Activity.UnitTests.csproj", "{245295B7-CDB6-41C2-B87C-F8B038C0C454}"
EndProject
Project("{2150E333-8FDC-42A3-9474-1A3956D46DE8}") = "Messaging", "Messaging", "{245F861E-AD65-4614-BBA3-592E138AE13A}"
EndProject
Project("{9A19103F-16F7-4668-BE54-9A1E7A4F7556}") = "Messaging.API", "src\microservices\Messaging\Messaging.API\Messaging.API.csproj", "{3BADB1C4-1CB3-4840-8D1A-89CF51F6E1AE}"
EndProject
Project("{9A19103F-16F7-4668-BE54-9A1E7A4F7556}") = "Messaging.Application", "src\microservices\Messaging\Messaging.Application\Messaging.Application.csproj", "{AEADE8A3-B042-4D64-AE78-414BB0EF87DC}"
EndProject
Project("{9A19103F-16F7-4668-BE54-9A1E7A4F7556}") = "Messaging.Domain", "src\microservices\Messaging\Messaging.Domain\Messaging.Domain.csproj", "{0B7D6126-985E-4DAA-B7E3-CB66B7E76F99}"
EndProject
Project("{9A19103F-16F7-4668-BE54-9A1E7A4F7556}") = "Messaging.Infrastructure", "src\microservices\Messaging\Messaging.Infrastructure\Messaging.Infrastructure.csproj", "{00DDC4D0-6EA8-4606-A2CB-6F2C3EE6E102}"
EndProject
Project("{2150E333-8FDC-42A3-9474-1A3956D46DE8}") = "apigateways", "apigateways", "{374BC59C-4115-41B9-A483-5226C5F83CA5}"
EndProject
Project("{9A19103F-16F7-4668-BE54-9A1E7A4F7556}") = "ApiGateway.User", "src\apigateways\ApiGateway.User\ApiGateway.User.csproj", "{16A0BA40-ABD6-4209-8F76-21D737337F25}"
EndProject
Project("{2150E333-8FDC-42A3-9474-1A3956D46DE8}") = "User", "User", "{4E8C8DC3-7553-44C3-96AA-2B4052EE291A}"
EndProject
Project("{9A19103F-16F7-4668-BE54-9A1E7A4F7556}") = "User.API", "src\microservices\User\User.API\User.API.csproj", "{58D5495E-1957-4A26-BCE0-01BD1EE60505}"
EndProject
Project("{FAE04EC0-301F-11D3-BF4B-00C04F79EFBC}") = "BuildingBlocks.BaiDuMap", "src\buildingblocks\BuildingBlocks.BaiDuMap\BuildingBlocks.BaiDuMap.csproj", "{A38716B4-9BF9-4FAF-B1BC-E273EB34C337}"
EndProject
Project("{2150E333-8FDC-42A3-9474-1A3956D46DE8}") = "Location", "Location", "{12B4D288-6080-4CC5-BF27-F8D7EBD2ADC1}"
EndProject
Project("{FAE04EC0-301F-11D3-BF4B-00C04F79EFBC}") = "Location.API", "src\microservices\Location\Location.API\Location.API.csproj", "{D1BE47E4-C036-47DC-A826-FEC87E628FA0}"
EndProject
Project("{FAE04EC0-301F-11D3-BF4B-00C04F79EFBC}") = "Location.Application", "src\microservices\Location\Location.Application\Location.Application.csproj", "{89DABC1D-F0AE-4E83-9D32-CD19CFECB3AA}"
EndProject
Project("{FAE04EC0-301F-11D3-BF4B-00C04F79EFBC}") = "Location.Domain", "src\microservices\Location\Location.Domain\Location.Domain.csproj", "{29EEA9DE-A4B1-4776-B520-95432814C8DF}"
EndProject
Project("{FAE04EC0-301F-11D3-BF4B-00C04F79EFBC}") = "Location.Infrastructure", "src\microservices\Location\Location.Infrastructure\Location.Infrastructure.csproj", "{7A76754C-67A8-4D9A-BBE3-D77211C3C8AC}"
EndProject
Project("{FAE04EC0-301F-11D3-BF4B-00C04F79EFBC}") = "BuildingBlocks.EntityFrameworkCore", "src\buildingblocks\BuildingBlocks.EntityFrameworkCore\BuildingBlocks.EntityFrameworkCore.csproj", "{D37C771A-74ED-4390-A819-2EE0E09C51C7}"
EndProject
Global
	GlobalSection(SolutionConfigurationPlatforms) = preSolution
		Debug|Any CPU = Debug|Any CPU
		Debug|x64 = Debug|x64
		Debug|x86 = Debug|x86
		Release|Any CPU = Release|Any CPU
		Release|x64 = Release|x64
		Release|x86 = Release|x86
	EndGlobalSection
	GlobalSection(ProjectConfigurationPlatforms) = postSolution
		{CE6EC630-68A8-465F-BAC1-6755F709E317}.Debug|Any CPU.ActiveCfg = Debug|Any CPU
		{CE6EC630-68A8-465F-BAC1-6755F709E317}.Debug|Any CPU.Build.0 = Debug|Any CPU
		{CE6EC630-68A8-465F-BAC1-6755F709E317}.Debug|x64.ActiveCfg = Debug|Any CPU
		{CE6EC630-68A8-465F-BAC1-6755F709E317}.Debug|x64.Build.0 = Debug|Any CPU
		{CE6EC630-68A8-465F-BAC1-6755F709E317}.Debug|x86.ActiveCfg = Debug|Any CPU
		{CE6EC630-68A8-465F-BAC1-6755F709E317}.Debug|x86.Build.0 = Debug|Any CPU
		{CE6EC630-68A8-465F-BAC1-6755F709E317}.Release|Any CPU.ActiveCfg = Release|Any CPU
		{CE6EC630-68A8-465F-BAC1-6755F709E317}.Release|Any CPU.Build.0 = Release|Any CPU
		{CE6EC630-68A8-465F-BAC1-6755F709E317}.Release|x64.ActiveCfg = Release|Any CPU
		{CE6EC630-68A8-465F-BAC1-6755F709E317}.Release|x64.Build.0 = Release|Any CPU
		{CE6EC630-68A8-465F-BAC1-6755F709E317}.Release|x86.ActiveCfg = Release|Any CPU
		{CE6EC630-68A8-465F-BAC1-6755F709E317}.Release|x86.Build.0 = Release|Any CPU
		{89D5F292-B77C-4C9A-9550-FE03D6570EF9}.Debug|Any CPU.ActiveCfg = Debug|Any CPU
		{89D5F292-B77C-4C9A-9550-FE03D6570EF9}.Debug|Any CPU.Build.0 = Debug|Any CPU
		{89D5F292-B77C-4C9A-9550-FE03D6570EF9}.Debug|x64.ActiveCfg = Debug|Any CPU
		{89D5F292-B77C-4C9A-9550-FE03D6570EF9}.Debug|x64.Build.0 = Debug|Any CPU
		{89D5F292-B77C-4C9A-9550-FE03D6570EF9}.Debug|x86.ActiveCfg = Debug|Any CPU
		{89D5F292-B77C-4C9A-9550-FE03D6570EF9}.Debug|x86.Build.0 = Debug|Any CPU
		{89D5F292-B77C-4C9A-9550-FE03D6570EF9}.Release|Any CPU.ActiveCfg = Release|Any CPU
		{89D5F292-B77C-4C9A-9550-FE03D6570EF9}.Release|Any CPU.Build.0 = Release|Any CPU
		{89D5F292-B77C-4C9A-9550-FE03D6570EF9}.Release|x64.ActiveCfg = Release|Any CPU
		{89D5F292-B77C-4C9A-9550-FE03D6570EF9}.Release|x64.Build.0 = Release|Any CPU
		{89D5F292-B77C-4C9A-9550-FE03D6570EF9}.Release|x86.ActiveCfg = Release|Any CPU
		{89D5F292-B77C-4C9A-9550-FE03D6570EF9}.Release|x86.Build.0 = Release|Any CPU
		{4EA4827A-268A-411F-BD22-37654B4E95C8}.Debug|Any CPU.ActiveCfg = Debug|Any CPU
		{4EA4827A-268A-411F-BD22-37654B4E95C8}.Debug|Any CPU.Build.0 = Debug|Any CPU
		{4EA4827A-268A-411F-BD22-37654B4E95C8}.Debug|x64.ActiveCfg = Debug|Any CPU
		{4EA4827A-268A-411F-BD22-37654B4E95C8}.Debug|x64.Build.0 = Debug|Any CPU
		{4EA4827A-268A-411F-BD22-37654B4E95C8}.Debug|x86.ActiveCfg = Debug|Any CPU
		{4EA4827A-268A-411F-BD22-37654B4E95C8}.Debug|x86.Build.0 = Debug|Any CPU
		{4EA4827A-268A-411F-BD22-37654B4E95C8}.Release|Any CPU.ActiveCfg = Release|Any CPU
		{4EA4827A-268A-411F-BD22-37654B4E95C8}.Release|Any CPU.Build.0 = Release|Any CPU
		{4EA4827A-268A-411F-BD22-37654B4E95C8}.Release|x64.ActiveCfg = Release|Any CPU
		{4EA4827A-268A-411F-BD22-37654B4E95C8}.Release|x64.Build.0 = Release|Any CPU
		{4EA4827A-268A-411F-BD22-37654B4E95C8}.Release|x86.ActiveCfg = Release|Any CPU
		{4EA4827A-268A-411F-BD22-37654B4E95C8}.Release|x86.Build.0 = Release|Any CPU
		{BF3C2A68-C12A-4835-B265-DAB9D59662F0}.Debug|Any CPU.ActiveCfg = Debug|Any CPU
		{BF3C2A68-C12A-4835-B265-DAB9D59662F0}.Debug|Any CPU.Build.0 = Debug|Any CPU
		{BF3C2A68-C12A-4835-B265-DAB9D59662F0}.Debug|x64.ActiveCfg = Debug|Any CPU
		{BF3C2A68-C12A-4835-B265-DAB9D59662F0}.Debug|x64.Build.0 = Debug|Any CPU
		{BF3C2A68-C12A-4835-B265-DAB9D59662F0}.Debug|x86.ActiveCfg = Debug|Any CPU
		{BF3C2A68-C12A-4835-B265-DAB9D59662F0}.Debug|x86.Build.0 = Debug|Any CPU
		{BF3C2A68-C12A-4835-B265-DAB9D59662F0}.Release|Any CPU.ActiveCfg = Release|Any CPU
		{BF3C2A68-C12A-4835-B265-DAB9D59662F0}.Release|Any CPU.Build.0 = Release|Any CPU
		{BF3C2A68-C12A-4835-B265-DAB9D59662F0}.Release|x64.ActiveCfg = Release|Any CPU
		{BF3C2A68-C12A-4835-B265-DAB9D59662F0}.Release|x64.Build.0 = Release|Any CPU
		{BF3C2A68-C12A-4835-B265-DAB9D59662F0}.Release|x86.ActiveCfg = Release|Any CPU
		{BF3C2A68-C12A-4835-B265-DAB9D59662F0}.Release|x86.Build.0 = Release|Any CPU
		{E67043F4-7351-45CF-A3CF-84E9E8B130B7}.Debug|Any CPU.ActiveCfg = Debug|Any CPU
		{E67043F4-7351-45CF-A3CF-84E9E8B130B7}.Debug|Any CPU.Build.0 = Debug|Any CPU
		{E67043F4-7351-45CF-A3CF-84E9E8B130B7}.Debug|x64.ActiveCfg = Debug|Any CPU
		{E67043F4-7351-45CF-A3CF-84E9E8B130B7}.Debug|x64.Build.0 = Debug|Any CPU
		{E67043F4-7351-45CF-A3CF-84E9E8B130B7}.Debug|x86.ActiveCfg = Debug|Any CPU
		{E67043F4-7351-45CF-A3CF-84E9E8B130B7}.Debug|x86.Build.0 = Debug|Any CPU
		{E67043F4-7351-45CF-A3CF-84E9E8B130B7}.Release|Any CPU.ActiveCfg = Release|Any CPU
		{E67043F4-7351-45CF-A3CF-84E9E8B130B7}.Release|Any CPU.Build.0 = Release|Any CPU
		{E67043F4-7351-45CF-A3CF-84E9E8B130B7}.Release|x64.ActiveCfg = Release|Any CPU
		{E67043F4-7351-45CF-A3CF-84E9E8B130B7}.Release|x64.Build.0 = Release|Any CPU
		{E67043F4-7351-45CF-A3CF-84E9E8B130B7}.Release|x86.ActiveCfg = Release|Any CPU
		{E67043F4-7351-45CF-A3CF-84E9E8B130B7}.Release|x86.Build.0 = Release|Any CPU
		{AADC0822-05EC-4FC0-9D78-8442450212FD}.Debug|Any CPU.ActiveCfg = Debug|Any CPU
		{AADC0822-05EC-4FC0-9D78-8442450212FD}.Debug|Any CPU.Build.0 = Debug|Any CPU
		{AADC0822-05EC-4FC0-9D78-8442450212FD}.Debug|x64.ActiveCfg = Debug|Any CPU
		{AADC0822-05EC-4FC0-9D78-8442450212FD}.Debug|x64.Build.0 = Debug|Any CPU
		{AADC0822-05EC-4FC0-9D78-8442450212FD}.Debug|x86.ActiveCfg = Debug|Any CPU
		{AADC0822-05EC-4FC0-9D78-8442450212FD}.Debug|x86.Build.0 = Debug|Any CPU
		{AADC0822-05EC-4FC0-9D78-8442450212FD}.Release|Any CPU.ActiveCfg = Release|Any CPU
		{AADC0822-05EC-4FC0-9D78-8442450212FD}.Release|Any CPU.Build.0 = Release|Any CPU
		{AADC0822-05EC-4FC0-9D78-8442450212FD}.Release|x64.ActiveCfg = Release|Any CPU
		{AADC0822-05EC-4FC0-9D78-8442450212FD}.Release|x64.Build.0 = Release|Any CPU
		{AADC0822-05EC-4FC0-9D78-8442450212FD}.Release|x86.ActiveCfg = Release|Any CPU
		{AADC0822-05EC-4FC0-9D78-8442450212FD}.Release|x86.Build.0 = Release|Any CPU
		{8E68B70D-ADF1-48E9-8DB8-A8F4E46F9B55}.Debug|Any CPU.ActiveCfg = Debug|Any CPU
		{8E68B70D-ADF1-48E9-8DB8-A8F4E46F9B55}.Debug|Any CPU.Build.0 = Debug|Any CPU
		{8E68B70D-ADF1-48E9-8DB8-A8F4E46F9B55}.Debug|x64.ActiveCfg = Debug|Any CPU
		{8E68B70D-ADF1-48E9-8DB8-A8F4E46F9B55}.Debug|x64.Build.0 = Debug|Any CPU
		{8E68B70D-ADF1-48E9-8DB8-A8F4E46F9B55}.Debug|x86.ActiveCfg = Debug|Any CPU
		{8E68B70D-ADF1-48E9-8DB8-A8F4E46F9B55}.Debug|x86.Build.0 = Debug|Any CPU
		{8E68B70D-ADF1-48E9-8DB8-A8F4E46F9B55}.Release|Any CPU.ActiveCfg = Release|Any CPU
		{8E68B70D-ADF1-48E9-8DB8-A8F4E46F9B55}.Release|Any CPU.Build.0 = Release|Any CPU
		{8E68B70D-ADF1-48E9-8DB8-A8F4E46F9B55}.Release|x64.ActiveCfg = Release|Any CPU
		{8E68B70D-ADF1-48E9-8DB8-A8F4E46F9B55}.Release|x64.Build.0 = Release|Any CPU
		{8E68B70D-ADF1-48E9-8DB8-A8F4E46F9B55}.Release|x86.ActiveCfg = Release|Any CPU
		{8E68B70D-ADF1-48E9-8DB8-A8F4E46F9B55}.Release|x86.Build.0 = Release|Any CPU
		{245295B7-CDB6-41C2-B87C-F8B038C0C454}.Debug|Any CPU.ActiveCfg = Debug|Any CPU
		{245295B7-CDB6-41C2-B87C-F8B038C0C454}.Debug|Any CPU.Build.0 = Debug|Any CPU
		{245295B7-CDB6-41C2-B87C-F8B038C0C454}.Debug|x64.ActiveCfg = Debug|Any CPU
		{245295B7-CDB6-41C2-B87C-F8B038C0C454}.Debug|x64.Build.0 = Debug|Any CPU
		{245295B7-CDB6-41C2-B87C-F8B038C0C454}.Debug|x86.ActiveCfg = Debug|Any CPU
		{245295B7-CDB6-41C2-B87C-F8B038C0C454}.Debug|x86.Build.0 = Debug|Any CPU
		{245295B7-CDB6-41C2-B87C-F8B038C0C454}.Release|Any CPU.ActiveCfg = Release|Any CPU
		{245295B7-CDB6-41C2-B87C-F8B038C0C454}.Release|Any CPU.Build.0 = Release|Any CPU
		{245295B7-CDB6-41C2-B87C-F8B038C0C454}.Release|x64.ActiveCfg = Release|Any CPU
		{245295B7-CDB6-41C2-B87C-F8B038C0C454}.Release|x64.Build.0 = Release|Any CPU
		{245295B7-CDB6-41C2-B87C-F8B038C0C454}.Release|x86.ActiveCfg = Release|Any CPU
		{245295B7-CDB6-41C2-B87C-F8B038C0C454}.Release|x86.Build.0 = Release|Any CPU
		{3BADB1C4-1CB3-4840-8D1A-89CF51F6E1AE}.Debug|Any CPU.ActiveCfg = Debug|Any CPU
		{3BADB1C4-1CB3-4840-8D1A-89CF51F6E1AE}.Debug|Any CPU.Build.0 = Debug|Any CPU
		{3BADB1C4-1CB3-4840-8D1A-89CF51F6E1AE}.Debug|x64.ActiveCfg = Debug|Any CPU
		{3BADB1C4-1CB3-4840-8D1A-89CF51F6E1AE}.Debug|x64.Build.0 = Debug|Any CPU
		{3BADB1C4-1CB3-4840-8D1A-89CF51F6E1AE}.Debug|x86.ActiveCfg = Debug|Any CPU
		{3BADB1C4-1CB3-4840-8D1A-89CF51F6E1AE}.Debug|x86.Build.0 = Debug|Any CPU
		{3BADB1C4-1CB3-4840-8D1A-89CF51F6E1AE}.Release|Any CPU.ActiveCfg = Release|Any CPU
		{3BADB1C4-1CB3-4840-8D1A-89CF51F6E1AE}.Release|Any CPU.Build.0 = Release|Any CPU
		{3BADB1C4-1CB3-4840-8D1A-89CF51F6E1AE}.Release|x64.ActiveCfg = Release|Any CPU
		{3BADB1C4-1CB3-4840-8D1A-89CF51F6E1AE}.Release|x64.Build.0 = Release|Any CPU
		{3BADB1C4-1CB3-4840-8D1A-89CF51F6E1AE}.Release|x86.ActiveCfg = Release|Any CPU
		{3BADB1C4-1CB3-4840-8D1A-89CF51F6E1AE}.Release|x86.Build.0 = Release|Any CPU
		{AEADE8A3-B042-4D64-AE78-414BB0EF87DC}.Debug|Any CPU.ActiveCfg = Debug|Any CPU
		{AEADE8A3-B042-4D64-AE78-414BB0EF87DC}.Debug|Any CPU.Build.0 = Debug|Any CPU
		{AEADE8A3-B042-4D64-AE78-414BB0EF87DC}.Debug|x64.ActiveCfg = Debug|Any CPU
		{AEADE8A3-B042-4D64-AE78-414BB0EF87DC}.Debug|x64.Build.0 = Debug|Any CPU
		{AEADE8A3-B042-4D64-AE78-414BB0EF87DC}.Debug|x86.ActiveCfg = Debug|Any CPU
		{AEADE8A3-B042-4D64-AE78-414BB0EF87DC}.Debug|x86.Build.0 = Debug|Any CPU
		{AEADE8A3-B042-4D64-AE78-414BB0EF87DC}.Release|Any CPU.ActiveCfg = Release|Any CPU
		{AEADE8A3-B042-4D64-AE78-414BB0EF87DC}.Release|Any CPU.Build.0 = Release|Any CPU
		{AEADE8A3-B042-4D64-AE78-414BB0EF87DC}.Release|x64.ActiveCfg = Release|Any CPU
		{AEADE8A3-B042-4D64-AE78-414BB0EF87DC}.Release|x64.Build.0 = Release|Any CPU
		{AEADE8A3-B042-4D64-AE78-414BB0EF87DC}.Release|x86.ActiveCfg = Release|Any CPU
		{AEADE8A3-B042-4D64-AE78-414BB0EF87DC}.Release|x86.Build.0 = Release|Any CPU
		{0B7D6126-985E-4DAA-B7E3-CB66B7E76F99}.Debug|Any CPU.ActiveCfg = Debug|Any CPU
		{0B7D6126-985E-4DAA-B7E3-CB66B7E76F99}.Debug|Any CPU.Build.0 = Debug|Any CPU
		{0B7D6126-985E-4DAA-B7E3-CB66B7E76F99}.Debug|x64.ActiveCfg = Debug|Any CPU
		{0B7D6126-985E-4DAA-B7E3-CB66B7E76F99}.Debug|x64.Build.0 = Debug|Any CPU
		{0B7D6126-985E-4DAA-B7E3-CB66B7E76F99}.Debug|x86.ActiveCfg = Debug|Any CPU
		{0B7D6126-985E-4DAA-B7E3-CB66B7E76F99}.Debug|x86.Build.0 = Debug|Any CPU
		{0B7D6126-985E-4DAA-B7E3-CB66B7E76F99}.Release|Any CPU.ActiveCfg = Release|Any CPU
		{0B7D6126-985E-4DAA-B7E3-CB66B7E76F99}.Release|Any CPU.Build.0 = Release|Any CPU
		{0B7D6126-985E-4DAA-B7E3-CB66B7E76F99}.Release|x64.ActiveCfg = Release|Any CPU
		{0B7D6126-985E-4DAA-B7E3-CB66B7E76F99}.Release|x64.Build.0 = Release|Any CPU
		{0B7D6126-985E-4DAA-B7E3-CB66B7E76F99}.Release|x86.ActiveCfg = Release|Any CPU
		{0B7D6126-985E-4DAA-B7E3-CB66B7E76F99}.Release|x86.Build.0 = Release|Any CPU
		{00DDC4D0-6EA8-4606-A2CB-6F2C3EE6E102}.Debug|Any CPU.ActiveCfg = Debug|Any CPU
		{00DDC4D0-6EA8-4606-A2CB-6F2C3EE6E102}.Debug|Any CPU.Build.0 = Debug|Any CPU
		{00DDC4D0-6EA8-4606-A2CB-6F2C3EE6E102}.Debug|x64.ActiveCfg = Debug|Any CPU
		{00DDC4D0-6EA8-4606-A2CB-6F2C3EE6E102}.Debug|x64.Build.0 = Debug|Any CPU
		{00DDC4D0-6EA8-4606-A2CB-6F2C3EE6E102}.Debug|x86.ActiveCfg = Debug|Any CPU
		{00DDC4D0-6EA8-4606-A2CB-6F2C3EE6E102}.Debug|x86.Build.0 = Debug|Any CPU
		{00DDC4D0-6EA8-4606-A2CB-6F2C3EE6E102}.Release|Any CPU.ActiveCfg = Release|Any CPU
		{00DDC4D0-6EA8-4606-A2CB-6F2C3EE6E102}.Release|Any CPU.Build.0 = Release|Any CPU
		{00DDC4D0-6EA8-4606-A2CB-6F2C3EE6E102}.Release|x64.ActiveCfg = Release|Any CPU
		{00DDC4D0-6EA8-4606-A2CB-6F2C3EE6E102}.Release|x64.Build.0 = Release|Any CPU
		{00DDC4D0-6EA8-4606-A2CB-6F2C3EE6E102}.Release|x86.ActiveCfg = Release|Any CPU
		{00DDC4D0-6EA8-4606-A2CB-6F2C3EE6E102}.Release|x86.Build.0 = Release|Any CPU
		{16A0BA40-ABD6-4209-8F76-21D737337F25}.Debug|Any CPU.ActiveCfg = Debug|Any CPU
		{16A0BA40-ABD6-4209-8F76-21D737337F25}.Debug|Any CPU.Build.0 = Debug|Any CPU
		{16A0BA40-ABD6-4209-8F76-21D737337F25}.Debug|x64.ActiveCfg = Debug|Any CPU
		{16A0BA40-ABD6-4209-8F76-21D737337F25}.Debug|x64.Build.0 = Debug|Any CPU
		{16A0BA40-ABD6-4209-8F76-21D737337F25}.Debug|x86.ActiveCfg = Debug|Any CPU
		{16A0BA40-ABD6-4209-8F76-21D737337F25}.Debug|x86.Build.0 = Debug|Any CPU
		{16A0BA40-ABD6-4209-8F76-21D737337F25}.Release|Any CPU.ActiveCfg = Release|Any CPU
		{16A0BA40-ABD6-4209-8F76-21D737337F25}.Release|Any CPU.Build.0 = Release|Any CPU
		{16A0BA40-ABD6-4209-8F76-21D737337F25}.Release|x64.ActiveCfg = Release|Any CPU
		{16A0BA40-ABD6-4209-8F76-21D737337F25}.Release|x64.Build.0 = Release|Any CPU
		{16A0BA40-ABD6-4209-8F76-21D737337F25}.Release|x86.ActiveCfg = Release|Any CPU
		{16A0BA40-ABD6-4209-8F76-21D737337F25}.Release|x86.Build.0 = Release|Any CPU
		{58D5495E-1957-4A26-BCE0-01BD1EE60505}.Debug|Any CPU.ActiveCfg = Debug|Any CPU
		{58D5495E-1957-4A26-BCE0-01BD1EE60505}.Debug|Any CPU.Build.0 = Debug|Any CPU
		{58D5495E-1957-4A26-BCE0-01BD1EE60505}.Debug|x64.ActiveCfg = Debug|Any CPU
		{58D5495E-1957-4A26-BCE0-01BD1EE60505}.Debug|x64.Build.0 = Debug|Any CPU
		{58D5495E-1957-4A26-BCE0-01BD1EE60505}.Debug|x86.ActiveCfg = Debug|Any CPU
		{58D5495E-1957-4A26-BCE0-01BD1EE60505}.Debug|x86.Build.0 = Debug|Any CPU
		{58D5495E-1957-4A26-BCE0-01BD1EE60505}.Release|Any CPU.ActiveCfg = Release|Any CPU
		{58D5495E-1957-4A26-BCE0-01BD1EE60505}.Release|Any CPU.Build.0 = Release|Any CPU
		{58D5495E-1957-4A26-BCE0-01BD1EE60505}.Release|x64.ActiveCfg = Release|Any CPU
		{58D5495E-1957-4A26-BCE0-01BD1EE60505}.Release|x64.Build.0 = Release|Any CPU
		{58D5495E-1957-4A26-BCE0-01BD1EE60505}.Release|x86.ActiveCfg = Release|Any CPU
		{58D5495E-1957-4A26-BCE0-01BD1EE60505}.Release|x86.Build.0 = Release|Any CPU
		{A38716B4-9BF9-4FAF-B1BC-E273EB34C337}.Debug|Any CPU.ActiveCfg = Debug|Any CPU
		{A38716B4-9BF9-4FAF-B1BC-E273EB34C337}.Debug|Any CPU.Build.0 = Debug|Any CPU
		{A38716B4-9BF9-4FAF-B1BC-E273EB34C337}.Debug|x64.ActiveCfg = Debug|Any CPU
		{A38716B4-9BF9-4FAF-B1BC-E273EB34C337}.Debug|x64.Build.0 = Debug|Any CPU
		{A38716B4-9BF9-4FAF-B1BC-E273EB34C337}.Debug|x86.ActiveCfg = Debug|Any CPU
		{A38716B4-9BF9-4FAF-B1BC-E273EB34C337}.Debug|x86.Build.0 = Debug|Any CPU
		{A38716B4-9BF9-4FAF-B1BC-E273EB34C337}.Release|Any CPU.ActiveCfg = Release|Any CPU
		{A38716B4-9BF9-4FAF-B1BC-E273EB34C337}.Release|Any CPU.Build.0 = Release|Any CPU
		{A38716B4-9BF9-4FAF-B1BC-E273EB34C337}.Release|x64.ActiveCfg = Release|Any CPU
		{A38716B4-9BF9-4FAF-B1BC-E273EB34C337}.Release|x64.Build.0 = Release|Any CPU
		{A38716B4-9BF9-4FAF-B1BC-E273EB34C337}.Release|x86.ActiveCfg = Release|Any CPU
		{A38716B4-9BF9-4FAF-B1BC-E273EB34C337}.Release|x86.Build.0 = Release|Any CPU
		{D1BE47E4-C036-47DC-A826-FEC87E628FA0}.Debug|Any CPU.ActiveCfg = Debug|Any CPU
		{D1BE47E4-C036-47DC-A826-FEC87E628FA0}.Debug|Any CPU.Build.0 = Debug|Any CPU
		{D1BE47E4-C036-47DC-A826-FEC87E628FA0}.Debug|x64.ActiveCfg = Debug|Any CPU
		{D1BE47E4-C036-47DC-A826-FEC87E628FA0}.Debug|x64.Build.0 = Debug|Any CPU
		{D1BE47E4-C036-47DC-A826-FEC87E628FA0}.Debug|x86.ActiveCfg = Debug|Any CPU
		{D1BE47E4-C036-47DC-A826-FEC87E628FA0}.Debug|x86.Build.0 = Debug|Any CPU
		{D1BE47E4-C036-47DC-A826-FEC87E628FA0}.Release|Any CPU.ActiveCfg = Release|Any CPU
		{D1BE47E4-C036-47DC-A826-FEC87E628FA0}.Release|Any CPU.Build.0 = Release|Any CPU
		{D1BE47E4-C036-47DC-A826-FEC87E628FA0}.Release|x64.ActiveCfg = Release|Any CPU
		{D1BE47E4-C036-47DC-A826-FEC87E628FA0}.Release|x64.Build.0 = Release|Any CPU
		{D1BE47E4-C036-47DC-A826-FEC87E628FA0}.Release|x86.ActiveCfg = Release|Any CPU
		{D1BE47E4-C036-47DC-A826-FEC87E628FA0}.Release|x86.Build.0 = Release|Any CPU
		{89DABC1D-F0AE-4E83-9D32-CD19CFECB3AA}.Debug|Any CPU.ActiveCfg = Debug|Any CPU
		{89DABC1D-F0AE-4E83-9D32-CD19CFECB3AA}.Debug|Any CPU.Build.0 = Debug|Any CPU
		{89DABC1D-F0AE-4E83-9D32-CD19CFECB3AA}.Debug|x64.ActiveCfg = Debug|Any CPU
		{89DABC1D-F0AE-4E83-9D32-CD19CFECB3AA}.Debug|x64.Build.0 = Debug|Any CPU
		{89DABC1D-F0AE-4E83-9D32-CD19CFECB3AA}.Debug|x86.ActiveCfg = Debug|Any CPU
		{89DABC1D-F0AE-4E83-9D32-CD19CFECB3AA}.Debug|x86.Build.0 = Debug|Any CPU
		{89DABC1D-F0AE-4E83-9D32-CD19CFECB3AA}.Release|Any CPU.ActiveCfg = Release|Any CPU
		{89DABC1D-F0AE-4E83-9D32-CD19CFECB3AA}.Release|Any CPU.Build.0 = Release|Any CPU
		{89DABC1D-F0AE-4E83-9D32-CD19CFECB3AA}.Release|x64.ActiveCfg = Release|Any CPU
		{89DABC1D-F0AE-4E83-9D32-CD19CFECB3AA}.Release|x64.Build.0 = Release|Any CPU
		{89DABC1D-F0AE-4E83-9D32-CD19CFECB3AA}.Release|x86.ActiveCfg = Release|Any CPU
		{89DABC1D-F0AE-4E83-9D32-CD19CFECB3AA}.Release|x86.Build.0 = Release|Any CPU
		{29EEA9DE-A4B1-4776-B520-95432814C8DF}.Debug|Any CPU.ActiveCfg = Debug|Any CPU
		{29EEA9DE-A4B1-4776-B520-95432814C8DF}.Debug|Any CPU.Build.0 = Debug|Any CPU
		{29EEA9DE-A4B1-4776-B520-95432814C8DF}.Debug|x64.ActiveCfg = Debug|Any CPU
		{29EEA9DE-A4B1-4776-B520-95432814C8DF}.Debug|x64.Build.0 = Debug|Any CPU
		{29EEA9DE-A4B1-4776-B520-95432814C8DF}.Debug|x86.ActiveCfg = Debug|Any CPU
		{29EEA9DE-A4B1-4776-B520-95432814C8DF}.Debug|x86.Build.0 = Debug|Any CPU
		{29EEA9DE-A4B1-4776-B520-95432814C8DF}.Release|Any CPU.ActiveCfg = Release|Any CPU
		{29EEA9DE-A4B1-4776-B520-95432814C8DF}.Release|Any CPU.Build.0 = Release|Any CPU
		{29EEA9DE-A4B1-4776-B520-95432814C8DF}.Release|x64.ActiveCfg = Release|Any CPU
		{29EEA9DE-A4B1-4776-B520-95432814C8DF}.Release|x64.Build.0 = Release|Any CPU
		{29EEA9DE-A4B1-4776-B520-95432814C8DF}.Release|x86.ActiveCfg = Release|Any CPU
		{29EEA9DE-A4B1-4776-B520-95432814C8DF}.Release|x86.Build.0 = Release|Any CPU
		{7A76754C-67A8-4D9A-BBE3-D77211C3C8AC}.Debug|Any CPU.ActiveCfg = Debug|Any CPU
		{7A76754C-67A8-4D9A-BBE3-D77211C3C8AC}.Debug|Any CPU.Build.0 = Debug|Any CPU
		{7A76754C-67A8-4D9A-BBE3-D77211C3C8AC}.Debug|x64.ActiveCfg = Debug|Any CPU
		{7A76754C-67A8-4D9A-BBE3-D77211C3C8AC}.Debug|x64.Build.0 = Debug|Any CPU
		{7A76754C-67A8-4D9A-BBE3-D77211C3C8AC}.Debug|x86.ActiveCfg = Debug|Any CPU
		{7A76754C-67A8-4D9A-BBE3-D77211C3C8AC}.Debug|x86.Build.0 = Debug|Any CPU
		{7A76754C-67A8-4D9A-BBE3-D77211C3C8AC}.Release|Any CPU.ActiveCfg = Release|Any CPU
		{7A76754C-67A8-4D9A-BBE3-D77211C3C8AC}.Release|Any CPU.Build.0 = Release|Any CPU
		{7A76754C-67A8-4D9A-BBE3-D77211C3C8AC}.Release|x64.ActiveCfg = Release|Any CPU
		{7A76754C-67A8-4D9A-BBE3-D77211C3C8AC}.Release|x64.Build.0 = Release|Any CPU
		{7A76754C-67A8-4D9A-BBE3-D77211C3C8AC}.Release|x86.ActiveCfg = Release|Any CPU
		{7A76754C-67A8-4D9A-BBE3-D77211C3C8AC}.Release|x86.Build.0 = Release|Any CPU
		{D37C771A-74ED-4390-A819-2EE0E09C51C7}.Debug|Any CPU.ActiveCfg = Debug|Any CPU
		{D37C771A-74ED-4390-A819-2EE0E09C51C7}.Debug|Any CPU.Build.0 = Debug|Any CPU
		{D37C771A-74ED-4390-A819-2EE0E09C51C7}.Debug|x64.ActiveCfg = Debug|Any CPU
		{D37C771A-74ED-4390-A819-2EE0E09C51C7}.Debug|x64.Build.0 = Debug|Any CPU
		{D37C771A-74ED-4390-A819-2EE0E09C51C7}.Debug|x86.ActiveCfg = Debug|Any CPU
		{D37C771A-74ED-4390-A819-2EE0E09C51C7}.Debug|x86.Build.0 = Debug|Any CPU
		{D37C771A-74ED-4390-A819-2EE0E09C51C7}.Release|Any CPU.ActiveCfg = Release|Any CPU
		{D37C771A-74ED-4390-A819-2EE0E09C51C7}.Release|Any CPU.Build.0 = Release|Any CPU
		{D37C771A-74ED-4390-A819-2EE0E09C51C7}.Release|x64.ActiveCfg = Release|Any CPU
		{D37C771A-74ED-4390-A819-2EE0E09C51C7}.Release|x64.Build.0 = Release|Any CPU
		{D37C771A-74ED-4390-A819-2EE0E09C51C7}.Release|x86.ActiveCfg = Release|Any CPU
		{D37C771A-74ED-4390-A819-2EE0E09C51C7}.Release|x86.Build.0 = Release|Any CPU
	EndGlobalSection
	GlobalSection(SolutionProperties) = preSolution
		HideSolutionNode = FALSE
	EndGlobalSection
	GlobalSection(NestedProjects) = preSolution
		{E90F07F5-DBB5-427E-9E27-CA46264D3263} = {4D45D3DC-4EB8-4460-A7F0-1A13B498D346}
		{49070015-F0B3-4AE6-834A-E63A0AB72564} = {E90F07F5-DBB5-427E-9E27-CA46264D3263}
		{CE6EC630-68A8-465F-BAC1-6755F709E317} = {49070015-F0B3-4AE6-834A-E63A0AB72564}
		{89D5F292-B77C-4C9A-9550-FE03D6570EF9} = {49070015-F0B3-4AE6-834A-E63A0AB72564}
		{4EA4827A-268A-411F-BD22-37654B4E95C8} = {49070015-F0B3-4AE6-834A-E63A0AB72564}
		{BF3C2A68-C12A-4835-B265-DAB9D59662F0} = {49070015-F0B3-4AE6-834A-E63A0AB72564}
		{99109141-98FD-4595-9E0E-E11688A4FCC1} = {4D45D3DC-4EB8-4460-A7F0-1A13B498D346}
		{E67043F4-7351-45CF-A3CF-84E9E8B130B7} = {99109141-98FD-4595-9E0E-E11688A4FCC1}
		{AADC0822-05EC-4FC0-9D78-8442450212FD} = {99109141-98FD-4595-9E0E-E11688A4FCC1}
		{8E68B70D-ADF1-48E9-8DB8-A8F4E46F9B55} = {99109141-98FD-4595-9E0E-E11688A4FCC1}
		{2607F40D-D753-47AC-8076-ED38B3F0F38D} = {49070015-F0B3-4AE6-834A-E63A0AB72564}
		{245295B7-CDB6-41C2-B87C-F8B038C0C454} = {2607F40D-D753-47AC-8076-ED38B3F0F38D}
		{245F861E-AD65-4614-BBA3-592E138AE13A} = {E90F07F5-DBB5-427E-9E27-CA46264D3263}
		{3BADB1C4-1CB3-4840-8D1A-89CF51F6E1AE} = {245F861E-AD65-4614-BBA3-592E138AE13A}
		{AEADE8A3-B042-4D64-AE78-414BB0EF87DC} = {245F861E-AD65-4614-BBA3-592E138AE13A}
		{0B7D6126-985E-4DAA-B7E3-CB66B7E76F99} = {245F861E-AD65-4614-BBA3-592E138AE13A}
		{00DDC4D0-6EA8-4606-A2CB-6F2C3EE6E102} = {245F861E-AD65-4614-BBA3-592E138AE13A}
		{374BC59C-4115-41B9-A483-5226C5F83CA5} = {4D45D3DC-4EB8-4460-A7F0-1A13B498D346}
		{16A0BA40-ABD6-4209-8F76-21D737337F25} = {374BC59C-4115-41B9-A483-5226C5F83CA5}
		{4E8C8DC3-7553-44C3-96AA-2B4052EE291A} = {E90F07F5-DBB5-427E-9E27-CA46264D3263}
		{58D5495E-1957-4A26-BCE0-01BD1EE60505} = {4E8C8DC3-7553-44C3-96AA-2B4052EE291A}
		{A38716B4-9BF9-4FAF-B1BC-E273EB34C337} = {99109141-98FD-4595-9E0E-E11688A4FCC1}
		{12B4D288-6080-4CC5-BF27-F8D7EBD2ADC1} = {E90F07F5-DBB5-427E-9E27-CA46264D3263}
		{D1BE47E4-C036-47DC-A826-FEC87E628FA0} = {12B4D288-6080-4CC5-BF27-F8D7EBD2ADC1}
		{89DABC1D-F0AE-4E83-9D32-CD19CFECB3AA} = {12B4D288-6080-4CC5-BF27-F8D7EBD2ADC1}
		{29EEA9DE-A4B1-4776-B520-95432814C8DF} = {12B4D288-6080-4CC5-BF27-F8D7EBD2ADC1}
		{7A76754C-67A8-4D9A-BBE3-D77211C3C8AC} = {12B4D288-6080-4CC5-BF27-F8D7EBD2ADC1}
		{D37C771A-74ED-4390-A819-2EE0E09C51C7} = {99109141-98FD-4595-9E0E-E11688A4FCC1}
	EndGlobalSection
	GlobalSection(ExtensibilityGlobals) = postSolution
		SolutionGuid = {C4725BAD-EDBA-46C8-A785-E920B64EF305}
	EndGlobalSection
EndGlobal
