
Microsoft Visual Studio Solution File, Format Version 12.00
# Visual Studio Version 16
VisualStudioVersion = 16.0.28315.86
MinimumVisualStudioVersion = 15.0.26124.0
Project("{2150E333-8FDC-42A3-9474-1A3956D46DE8}") = "src", "src", "{3FF80A8E-4391-4985-8684-BDF5FB63943D}"
EndProject
Project("{E53339B2-1760-4266-BCC7-CA923CBCF16C}") = "docker-compose", "docker-compose.dcproj", "{4EA4963C-B105-43F0-B61B-7E00C52361BD}"
EndProject
Project("{2150E333-8FDC-42A3-9474-1A3956D46DE8}") = "WebApps", "WebApps", "{B4ECBB2F-1B65-440D-8D82-4B07B7F2105B}"
EndProject
Project("{2150E333-8FDC-42A3-9474-1A3956D46DE8}") = "Services", "Services", "{0C29A4E1-3189-4BBE-8C1B-57CA46961266}"
EndProject
Project("{2150E333-8FDC-42A3-9474-1A3956D46DE8}") = "BuildingBlocks", "BuildingBlocks", "{2A2BCB8A-E040-48DD-889F-F31CD18D7D82}"
EndProject
Project("{2150E333-8FDC-42A3-9474-1A3956D46DE8}") = "Activity", "Activity", "{84A6F8D8-0E5A-4768-9452-A873046600C6}"
EndProject
Project("{2150E333-8FDC-42A3-9474-1A3956D46DE8}") = "Identity", "Identity", "{5B86B772-B66C-4D96-9C36-A43253C7BB2F}"
EndProject
Project("{2150E333-8FDC-42A3-9474-1A3956D46DE8}") = "Recommend", "Recommend", "{B8B60F38-FF81-4645-B344-A9F274B93D6B}"
EndProject
Project("{9A19103F-16F7-4668-BE54-9A1E7A4F7556}") = "Activity.API", "src\Services\Activity\Activity.API\Activity.API.csproj", "{7D34A521-61B4-4A7D-860E-72934178178B}"
EndProject
Project("{9A19103F-16F7-4668-BE54-9A1E7A4F7556}") = "Activity.Domain", "src\Services\Activity\Activity.Domain\Activity.Domain.csproj", "{A08997F5-1467-4D66-AECA-D4E016A90BB5}"
EndProject
Project("{9A19103F-16F7-4668-BE54-9A1E7A4F7556}") = "Activity.Infrastructure", "src\Services\Activity\Activity.Infrastructure\Activity.Infrastructure.csproj", "{3979CD50-DAC4-4E46-A399-BA25F7F0E9C2}"
EndProject
Project("{2150E333-8FDC-42A3-9474-1A3956D46DE8}") = "test", "test", "{A5231797-4468-41B3-A161-81469F4F57AE}"
EndProject
Project("{2150E333-8FDC-42A3-9474-1A3956D46DE8}") = "ServiceTests", "ServiceTests", "{73C29301-7172-472A-AA11-E163BC725422}"
EndProject
Project("{2150E333-8FDC-42A3-9474-1A3956D46DE8}") = "ActivityTests", "ActivityTests", "{26EF328D-DA7D-40AB-B892-083763701B1F}"
EndProject
Project("{9A19103F-16F7-4668-BE54-9A1E7A4F7556}") = "DomainTests", "test\ServiceTests\ActivityTests\DomainTests\DomainTests.csproj", "{8A7300EC-01E5-4D5B-A309-4DA8138D5734}"
EndProject
Project("{9A19103F-16F7-4668-BE54-9A1E7A4F7556}") = "APITest", "test\ServiceTests\ActivityTests\APITest\APITest.csproj", "{DE01B9C5-F1D6-4F6D-94E0-D18CCDCE21D2}"
EndProject
Project("{2150E333-8FDC-42A3-9474-1A3956D46DE8}") = "Location", "Location", "{58576336-945E-4AB7-8382-5B1EBE0550D0}"
EndProject
Project("{9A19103F-16F7-4668-BE54-9A1E7A4F7556}") = "Location.API", "src\Services\Location\Location.API\Location.API.csproj", "{08ED8D0E-94EF-4B96-AE6D-9F61AD3F9CD2}"
EndProject
Project("{9A19103F-16F7-4668-BE54-9A1E7A4F7556}") = "Identity.API", "src\Services\Identity\Identity.API\Identity.API.csproj", "{9D808584-0AC6-4908-A60D-BD7096E3EB34}"
EndProject
Project("{2150E333-8FDC-42A3-9474-1A3956D46DE8}") = "UserGroup", "UserGroup", "{78B370BC-006E-4C28-8467-5AB7433E3B0E}"
EndProject
Project("{9A19103F-16F7-4668-BE54-9A1E7A4F7556}") = "UserGroup.API", "src\Services\UserGroup\UserGroup.API\UserGroup.API.csproj", "{F23333E3-4170-4D18-9F1B-76A00E13AB7D}"
EndProject
Project("{9A19103F-16F7-4668-BE54-9A1E7A4F7556}") = "WebMVC", "src\WebApps\WebMVC\WebMVC.csproj", "{3699DEEF-0E09-4657-AC63-F5EFEFB298CB}"
EndProject
Project("{2150E333-8FDC-42A3-9474-1A3956D46DE8}") = "ApiGateways", "ApiGateways", "{81F22FEF-6FB9-4BE6-8ED4-0F5AF72AA1E7}"
EndProject
Project("{9A19103F-16F7-4668-BE54-9A1E7A4F7556}") = "Api.Gateway", "src\ApiGateways\Api.Gateway\Api.Gateway.csproj", "{0AEE2BE5-2085-4B37-B2B7-D514EC2D1BD8}"
EndProject
Project("{2150E333-8FDC-42A3-9474-1A3956D46DE8}") = "Notice", "Notice", "{4CCBE2C7-EE9E-493B-8859-B3E336017164}"
EndProject
Project("{9A19103F-16F7-4668-BE54-9A1E7A4F7556}") = "NoticeService", "src\Services\Notice\NoticeService\NoticeService.csproj", "{82DC0FE8-466F-456D-B2DC-B9132AB8B9C4}"
EndProject
Project("{9A19103F-16F7-4668-BE54-9A1E7A4F7556}") = "Nutshell.Common.Cache", "src\BuildingBlocks\Nutshell.Common.Cache\Nutshell.Common.Cache.csproj", "{D0C25B96-F7C2-4EEC-AC0A-2F31780A7802}"
EndProject
Project("{9A19103F-16F7-4668-BE54-9A1E7A4F7556}") = "Activity.BackgroundTasks", "src\Services\Activity\Activity.BackgroundTasks\Activity.BackgroundTasks.csproj", "{0CA1DAD9-DF55-42A5-8EFF-9950B55AD4FA}"
EndProject
Project("{2150E333-8FDC-42A3-9474-1A3956D46DE8}") = "Solution Items", "Solution Items", "{10C9A2A2-5711-4B3F-AF68-FCD58E5E9658}"
	ProjectSection(SolutionItems) = preProject
		.env = .env
		.gitlab-ci.yml = .gitlab-ci.yml
		README.md = README.md
	EndProjectSection
EndProject
Project("{9A19103F-16F7-4668-BE54-9A1E7A4F7556}") = "Nutshell.BaiDuMap.API", "src\BuildingBlocks\Nutshell.BaiDuMap.API\Nutshell.BaiDuMap.API.csproj", "{821EB9D2-829E-4885-BFC1-CC0944DEE34D}"
EndProject
Project("{2150E333-8FDC-42A3-9474-1A3956D46DE8}") = "tests", "tests", "{A137FF9B-D1C7-45FC-A24C-B9E85AE03DCF}"
EndProject
Project("{9A19103F-16F7-4668-BE54-9A1E7A4F7556}") = "Nutshell.BaiDuMap.API.Test", "src\BuildingBlocks\Nutshell.BaiDuMap.API.Test\Nutshell.BaiDuMap.API.Test.csproj", "{524F0A5E-074C-4AAF-B6E9-C8A5E90D230C}"
EndProject
Project("{9A19103F-16F7-4668-BE54-9A1E7A4F7556}") = "Together.Extensions", "src\BuildingBlocks\Together.Extensions\Together.Extensions.csproj", "{83019E13-B7AB-44CC-8C3B-B91DFED5E708}"
EndProject
Project("{9A19103F-16F7-4668-BE54-9A1E7A4F7556}") = "Activity.UnitTests", "src\Services\Activity\Activity.UnitTests\Activity.UnitTests.csproj", "{9E1C65AA-0ABA-4306-8664-2842BF3B54DC}"
EndProject
Project("{2150E333-8FDC-42A3-9474-1A3956D46DE8}") = "tests", "tests", "{DE257DD3-72EB-4407-B253-E41816EEB3C8}"
EndProject
Project("{9A19103F-16F7-4668-BE54-9A1E7A4F7556}") = "Together.Attributes", "src\BuildingBlocks\Together.Attributes\Together.Attributes.csproj", "{73C5503A-76ED-4317-B880-177D252C7ACF}"
EndProject
Project("{2150E333-8FDC-42A3-9474-1A3956D46DE8}") = "tests", "tests", "{254ABEF4-2DDC-4D18-9649-DC257C3B39E3}"
EndProject
Project("{9A19103F-16F7-4668-BE54-9A1E7A4F7556}") = "NoticeService.UnitTests", "src\Services\Notice\NoticeService.UnitTests\NoticeService.UnitTests.csproj", "{2DF39D65-C9F5-4D2D-B58C-FA005F3676D5}"
EndProject
Project("{2150E333-8FDC-42A3-9474-1A3956D46DE8}") = "Manager", "Manager", "{1A9541EE-5522-4098-B396-742F113315E5}"
EndProject
Project("{2150E333-8FDC-42A3-9474-1A3956D46DE8}") = "Searching", "Searching", "{68B671A1-2DA6-423E-A88A-0F3DE4A11E8A}"
EndProject
Project("{9A19103F-16F7-4668-BE54-9A1E7A4F7556}") = "Searching.API", "src\Services\Searching\Searching.API\Searching.API.csproj", "{C3C5E565-1FB1-496C-9590-BDB2C3875B81}"
EndProject
Project("{FAE04EC0-301F-11D3-BF4B-00C04F79EFBC}") = "ManagePortal", "src\Manager\ManagePortal\ManagePortal.csproj", "{9F07709A-2195-4B0E-9FB6-2A41972CAA9D}"
EndProject
Global
	GlobalSection(SolutionConfigurationPlatforms) = preSolution
		Debug|Any CPU = Debug|Any CPU
		Release|Any CPU = Release|Any CPU
	EndGlobalSection
	GlobalSection(ProjectConfigurationPlatforms) = postSolution
		{4EA4963C-B105-43F0-B61B-7E00C52361BD}.Debug|Any CPU.ActiveCfg = Debug|Any CPU
		{4EA4963C-B105-43F0-B61B-7E00C52361BD}.Debug|Any CPU.Build.0 = Debug|Any CPU
		{4EA4963C-B105-43F0-B61B-7E00C52361BD}.Release|Any CPU.ActiveCfg = Release|Any CPU
		{4EA4963C-B105-43F0-B61B-7E00C52361BD}.Release|Any CPU.Build.0 = Release|Any CPU
		{7D34A521-61B4-4A7D-860E-72934178178B}.Debug|Any CPU.ActiveCfg = Debug|Any CPU
		{7D34A521-61B4-4A7D-860E-72934178178B}.Debug|Any CPU.Build.0 = Debug|Any CPU
		{7D34A521-61B4-4A7D-860E-72934178178B}.Release|Any CPU.ActiveCfg = Release|Any CPU
		{7D34A521-61B4-4A7D-860E-72934178178B}.Release|Any CPU.Build.0 = Release|Any CPU
		{A08997F5-1467-4D66-AECA-D4E016A90BB5}.Debug|Any CPU.ActiveCfg = Debug|Any CPU
		{A08997F5-1467-4D66-AECA-D4E016A90BB5}.Debug|Any CPU.Build.0 = Debug|Any CPU
		{A08997F5-1467-4D66-AECA-D4E016A90BB5}.Release|Any CPU.ActiveCfg = Release|Any CPU
		{A08997F5-1467-4D66-AECA-D4E016A90BB5}.Release|Any CPU.Build.0 = Release|Any CPU
		{3979CD50-DAC4-4E46-A399-BA25F7F0E9C2}.Debug|Any CPU.ActiveCfg = Debug|Any CPU
		{3979CD50-DAC4-4E46-A399-BA25F7F0E9C2}.Debug|Any CPU.Build.0 = Debug|Any CPU
		{3979CD50-DAC4-4E46-A399-BA25F7F0E9C2}.Release|Any CPU.ActiveCfg = Release|Any CPU
		{3979CD50-DAC4-4E46-A399-BA25F7F0E9C2}.Release|Any CPU.Build.0 = Release|Any CPU
		{8A7300EC-01E5-4D5B-A309-4DA8138D5734}.Debug|Any CPU.ActiveCfg = Debug|Any CPU
		{8A7300EC-01E5-4D5B-A309-4DA8138D5734}.Debug|Any CPU.Build.0 = Debug|Any CPU
		{8A7300EC-01E5-4D5B-A309-4DA8138D5734}.Release|Any CPU.ActiveCfg = Release|Any CPU
		{8A7300EC-01E5-4D5B-A309-4DA8138D5734}.Release|Any CPU.Build.0 = Release|Any CPU
		{DE01B9C5-F1D6-4F6D-94E0-D18CCDCE21D2}.Debug|Any CPU.ActiveCfg = Debug|Any CPU
		{DE01B9C5-F1D6-4F6D-94E0-D18CCDCE21D2}.Debug|Any CPU.Build.0 = Debug|Any CPU
		{DE01B9C5-F1D6-4F6D-94E0-D18CCDCE21D2}.Release|Any CPU.ActiveCfg = Release|Any CPU
		{DE01B9C5-F1D6-4F6D-94E0-D18CCDCE21D2}.Release|Any CPU.Build.0 = Release|Any CPU
		{08ED8D0E-94EF-4B96-AE6D-9F61AD3F9CD2}.Debug|Any CPU.ActiveCfg = Debug|Any CPU
		{08ED8D0E-94EF-4B96-AE6D-9F61AD3F9CD2}.Debug|Any CPU.Build.0 = Debug|Any CPU
		{08ED8D0E-94EF-4B96-AE6D-9F61AD3F9CD2}.Release|Any CPU.ActiveCfg = Release|Any CPU
		{08ED8D0E-94EF-4B96-AE6D-9F61AD3F9CD2}.Release|Any CPU.Build.0 = Release|Any CPU
		{9D808584-0AC6-4908-A60D-BD7096E3EB34}.Debug|Any CPU.ActiveCfg = Debug|Any CPU
		{9D808584-0AC6-4908-A60D-BD7096E3EB34}.Debug|Any CPU.Build.0 = Debug|Any CPU
		{9D808584-0AC6-4908-A60D-BD7096E3EB34}.Release|Any CPU.ActiveCfg = Release|Any CPU
		{9D808584-0AC6-4908-A60D-BD7096E3EB34}.Release|Any CPU.Build.0 = Release|Any CPU
		{F23333E3-4170-4D18-9F1B-76A00E13AB7D}.Debug|Any CPU.ActiveCfg = Debug|Any CPU
		{F23333E3-4170-4D18-9F1B-76A00E13AB7D}.Debug|Any CPU.Build.0 = Debug|Any CPU
		{F23333E3-4170-4D18-9F1B-76A00E13AB7D}.Release|Any CPU.ActiveCfg = Release|Any CPU
		{F23333E3-4170-4D18-9F1B-76A00E13AB7D}.Release|Any CPU.Build.0 = Release|Any CPU
		{3699DEEF-0E09-4657-AC63-F5EFEFB298CB}.Debug|Any CPU.ActiveCfg = Debug|Any CPU
		{3699DEEF-0E09-4657-AC63-F5EFEFB298CB}.Debug|Any CPU.Build.0 = Debug|Any CPU
		{3699DEEF-0E09-4657-AC63-F5EFEFB298CB}.Release|Any CPU.ActiveCfg = Release|Any CPU
		{3699DEEF-0E09-4657-AC63-F5EFEFB298CB}.Release|Any CPU.Build.0 = Release|Any CPU
		{0AEE2BE5-2085-4B37-B2B7-D514EC2D1BD8}.Debug|Any CPU.ActiveCfg = Debug|Any CPU
		{0AEE2BE5-2085-4B37-B2B7-D514EC2D1BD8}.Debug|Any CPU.Build.0 = Debug|Any CPU
		{0AEE2BE5-2085-4B37-B2B7-D514EC2D1BD8}.Release|Any CPU.ActiveCfg = Release|Any CPU
		{0AEE2BE5-2085-4B37-B2B7-D514EC2D1BD8}.Release|Any CPU.Build.0 = Release|Any CPU
		{82DC0FE8-466F-456D-B2DC-B9132AB8B9C4}.Debug|Any CPU.ActiveCfg = Debug|Any CPU
		{82DC0FE8-466F-456D-B2DC-B9132AB8B9C4}.Debug|Any CPU.Build.0 = Debug|Any CPU
		{82DC0FE8-466F-456D-B2DC-B9132AB8B9C4}.Release|Any CPU.ActiveCfg = Release|Any CPU
		{82DC0FE8-466F-456D-B2DC-B9132AB8B9C4}.Release|Any CPU.Build.0 = Release|Any CPU
		{D0C25B96-F7C2-4EEC-AC0A-2F31780A7802}.Debug|Any CPU.ActiveCfg = Debug|Any CPU
		{D0C25B96-F7C2-4EEC-AC0A-2F31780A7802}.Debug|Any CPU.Build.0 = Debug|Any CPU
		{D0C25B96-F7C2-4EEC-AC0A-2F31780A7802}.Release|Any CPU.ActiveCfg = Release|Any CPU
		{D0C25B96-F7C2-4EEC-AC0A-2F31780A7802}.Release|Any CPU.Build.0 = Release|Any CPU
		{0CA1DAD9-DF55-42A5-8EFF-9950B55AD4FA}.Debug|Any CPU.ActiveCfg = Debug|Any CPU
		{0CA1DAD9-DF55-42A5-8EFF-9950B55AD4FA}.Debug|Any CPU.Build.0 = Debug|Any CPU
		{0CA1DAD9-DF55-42A5-8EFF-9950B55AD4FA}.Release|Any CPU.ActiveCfg = Release|Any CPU
		{0CA1DAD9-DF55-42A5-8EFF-9950B55AD4FA}.Release|Any CPU.Build.0 = Release|Any CPU
		{821EB9D2-829E-4885-BFC1-CC0944DEE34D}.Debug|Any CPU.ActiveCfg = Debug|Any CPU
		{821EB9D2-829E-4885-BFC1-CC0944DEE34D}.Debug|Any CPU.Build.0 = Debug|Any CPU
		{821EB9D2-829E-4885-BFC1-CC0944DEE34D}.Release|Any CPU.ActiveCfg = Release|Any CPU
		{821EB9D2-829E-4885-BFC1-CC0944DEE34D}.Release|Any CPU.Build.0 = Release|Any CPU
		{524F0A5E-074C-4AAF-B6E9-C8A5E90D230C}.Debug|Any CPU.ActiveCfg = Debug|Any CPU
		{524F0A5E-074C-4AAF-B6E9-C8A5E90D230C}.Debug|Any CPU.Build.0 = Debug|Any CPU
		{524F0A5E-074C-4AAF-B6E9-C8A5E90D230C}.Release|Any CPU.ActiveCfg = Release|Any CPU
		{524F0A5E-074C-4AAF-B6E9-C8A5E90D230C}.Release|Any CPU.Build.0 = Release|Any CPU
		{83019E13-B7AB-44CC-8C3B-B91DFED5E708}.Debug|Any CPU.ActiveCfg = Debug|Any CPU
		{83019E13-B7AB-44CC-8C3B-B91DFED5E708}.Debug|Any CPU.Build.0 = Debug|Any CPU
		{83019E13-B7AB-44CC-8C3B-B91DFED5E708}.Release|Any CPU.ActiveCfg = Release|Any CPU
		{83019E13-B7AB-44CC-8C3B-B91DFED5E708}.Release|Any CPU.Build.0 = Release|Any CPU
		{9E1C65AA-0ABA-4306-8664-2842BF3B54DC}.Debug|Any CPU.ActiveCfg = Debug|Any CPU
		{9E1C65AA-0ABA-4306-8664-2842BF3B54DC}.Debug|Any CPU.Build.0 = Debug|Any CPU
		{9E1C65AA-0ABA-4306-8664-2842BF3B54DC}.Release|Any CPU.ActiveCfg = Release|Any CPU
		{9E1C65AA-0ABA-4306-8664-2842BF3B54DC}.Release|Any CPU.Build.0 = Release|Any CPU
		{73C5503A-76ED-4317-B880-177D252C7ACF}.Debug|Any CPU.ActiveCfg = Debug|Any CPU
		{73C5503A-76ED-4317-B880-177D252C7ACF}.Debug|Any CPU.Build.0 = Debug|Any CPU
		{73C5503A-76ED-4317-B880-177D252C7ACF}.Release|Any CPU.ActiveCfg = Release|Any CPU
		{73C5503A-76ED-4317-B880-177D252C7ACF}.Release|Any CPU.Build.0 = Release|Any CPU
		{2DF39D65-C9F5-4D2D-B58C-FA005F3676D5}.Debug|Any CPU.ActiveCfg = Debug|Any CPU
		{2DF39D65-C9F5-4D2D-B58C-FA005F3676D5}.Debug|Any CPU.Build.0 = Debug|Any CPU
		{2DF39D65-C9F5-4D2D-B58C-FA005F3676D5}.Release|Any CPU.ActiveCfg = Release|Any CPU
		{2DF39D65-C9F5-4D2D-B58C-FA005F3676D5}.Release|Any CPU.Build.0 = Release|Any CPU
		{C3C5E565-1FB1-496C-9590-BDB2C3875B81}.Debug|Any CPU.ActiveCfg = Debug|Any CPU
		{C3C5E565-1FB1-496C-9590-BDB2C3875B81}.Debug|Any CPU.Build.0 = Debug|Any CPU
		{C3C5E565-1FB1-496C-9590-BDB2C3875B81}.Release|Any CPU.ActiveCfg = Release|Any CPU
		{C3C5E565-1FB1-496C-9590-BDB2C3875B81}.Release|Any CPU.Build.0 = Release|Any CPU
		{9F07709A-2195-4B0E-9FB6-2A41972CAA9D}.Debug|Any CPU.ActiveCfg = Debug|Any CPU
		{9F07709A-2195-4B0E-9FB6-2A41972CAA9D}.Debug|Any CPU.Build.0 = Debug|Any CPU
		{9F07709A-2195-4B0E-9FB6-2A41972CAA9D}.Release|Any CPU.ActiveCfg = Release|Any CPU
		{9F07709A-2195-4B0E-9FB6-2A41972CAA9D}.Release|Any CPU.Build.0 = Release|Any CPU
	EndGlobalSection
	GlobalSection(SolutionProperties) = preSolution
		HideSolutionNode = FALSE
	EndGlobalSection
	GlobalSection(NestedProjects) = preSolution
		{B4ECBB2F-1B65-440D-8D82-4B07B7F2105B} = {3FF80A8E-4391-4985-8684-BDF5FB63943D}
		{0C29A4E1-3189-4BBE-8C1B-57CA46961266} = {3FF80A8E-4391-4985-8684-BDF5FB63943D}
		{2A2BCB8A-E040-48DD-889F-F31CD18D7D82} = {3FF80A8E-4391-4985-8684-BDF5FB63943D}
		{84A6F8D8-0E5A-4768-9452-A873046600C6} = {0C29A4E1-3189-4BBE-8C1B-57CA46961266}
		{5B86B772-B66C-4D96-9C36-A43253C7BB2F} = {0C29A4E1-3189-4BBE-8C1B-57CA46961266}
		{B8B60F38-FF81-4645-B344-A9F274B93D6B} = {0C29A4E1-3189-4BBE-8C1B-57CA46961266}
		{7D34A521-61B4-4A7D-860E-72934178178B} = {84A6F8D8-0E5A-4768-9452-A873046600C6}
		{A08997F5-1467-4D66-AECA-D4E016A90BB5} = {84A6F8D8-0E5A-4768-9452-A873046600C6}
		{3979CD50-DAC4-4E46-A399-BA25F7F0E9C2} = {84A6F8D8-0E5A-4768-9452-A873046600C6}
		{73C29301-7172-472A-AA11-E163BC725422} = {A5231797-4468-41B3-A161-81469F4F57AE}
		{26EF328D-DA7D-40AB-B892-083763701B1F} = {73C29301-7172-472A-AA11-E163BC725422}
		{8A7300EC-01E5-4D5B-A309-4DA8138D5734} = {26EF328D-DA7D-40AB-B892-083763701B1F}
		{DE01B9C5-F1D6-4F6D-94E0-D18CCDCE21D2} = {26EF328D-DA7D-40AB-B892-083763701B1F}
		{58576336-945E-4AB7-8382-5B1EBE0550D0} = {0C29A4E1-3189-4BBE-8C1B-57CA46961266}
		{08ED8D0E-94EF-4B96-AE6D-9F61AD3F9CD2} = {58576336-945E-4AB7-8382-5B1EBE0550D0}
		{9D808584-0AC6-4908-A60D-BD7096E3EB34} = {5B86B772-B66C-4D96-9C36-A43253C7BB2F}
		{78B370BC-006E-4C28-8467-5AB7433E3B0E} = {0C29A4E1-3189-4BBE-8C1B-57CA46961266}
		{F23333E3-4170-4D18-9F1B-76A00E13AB7D} = {78B370BC-006E-4C28-8467-5AB7433E3B0E}
		{3699DEEF-0E09-4657-AC63-F5EFEFB298CB} = {B4ECBB2F-1B65-440D-8D82-4B07B7F2105B}
		{81F22FEF-6FB9-4BE6-8ED4-0F5AF72AA1E7} = {3FF80A8E-4391-4985-8684-BDF5FB63943D}
		{0AEE2BE5-2085-4B37-B2B7-D514EC2D1BD8} = {81F22FEF-6FB9-4BE6-8ED4-0F5AF72AA1E7}
		{4CCBE2C7-EE9E-493B-8859-B3E336017164} = {0C29A4E1-3189-4BBE-8C1B-57CA46961266}
		{82DC0FE8-466F-456D-B2DC-B9132AB8B9C4} = {4CCBE2C7-EE9E-493B-8859-B3E336017164}
		{D0C25B96-F7C2-4EEC-AC0A-2F31780A7802} = {2A2BCB8A-E040-48DD-889F-F31CD18D7D82}
		{0CA1DAD9-DF55-42A5-8EFF-9950B55AD4FA} = {84A6F8D8-0E5A-4768-9452-A873046600C6}
		{821EB9D2-829E-4885-BFC1-CC0944DEE34D} = {2A2BCB8A-E040-48DD-889F-F31CD18D7D82}
		{A137FF9B-D1C7-45FC-A24C-B9E85AE03DCF} = {2A2BCB8A-E040-48DD-889F-F31CD18D7D82}
		{524F0A5E-074C-4AAF-B6E9-C8A5E90D230C} = {A137FF9B-D1C7-45FC-A24C-B9E85AE03DCF}
		{83019E13-B7AB-44CC-8C3B-B91DFED5E708} = {2A2BCB8A-E040-48DD-889F-F31CD18D7D82}
		{9E1C65AA-0ABA-4306-8664-2842BF3B54DC} = {DE257DD3-72EB-4407-B253-E41816EEB3C8}
		{DE257DD3-72EB-4407-B253-E41816EEB3C8} = {84A6F8D8-0E5A-4768-9452-A873046600C6}
		{73C5503A-76ED-4317-B880-177D252C7ACF} = {2A2BCB8A-E040-48DD-889F-F31CD18D7D82}
		{254ABEF4-2DDC-4D18-9649-DC257C3B39E3} = {4CCBE2C7-EE9E-493B-8859-B3E336017164}
		{2DF39D65-C9F5-4D2D-B58C-FA005F3676D5} = {254ABEF4-2DDC-4D18-9649-DC257C3B39E3}
		{1A9541EE-5522-4098-B396-742F113315E5} = {3FF80A8E-4391-4985-8684-BDF5FB63943D}
		{68B671A1-2DA6-423E-A88A-0F3DE4A11E8A} = {0C29A4E1-3189-4BBE-8C1B-57CA46961266}
		{C3C5E565-1FB1-496C-9590-BDB2C3875B81} = {68B671A1-2DA6-423E-A88A-0F3DE4A11E8A}
		{9F07709A-2195-4B0E-9FB6-2A41972CAA9D} = {1A9541EE-5522-4098-B396-742F113315E5}
	EndGlobalSection
	GlobalSection(ExtensibilityGlobals) = postSolution
		SolutionGuid = {719599B4-B93C-4059-BB6E-16521AC810BF}
	EndGlobalSection
EndGlobal
