
Microsoft Visual Studio Solution File, Format Version 12.00
# Visual Studio 15
VisualStudioVersion = 15.0.27130.2010
MinimumVisualStudioVersion = 10.0.40219.1
Project("{9A19103F-16F7-4668-BE54-9A1E7A4F7556}") = "Together.Core", "src\Mobile\Together\Together.Core\Together.Core.csproj", "{D035A43A-4CC8-49B8-858D-A151FCFEF004}"
EndProject
Project("{9A19103F-16F7-4668-BE54-9A1E7A4F7556}") = "Together.UI", "src\Mobile\Together\Together.UI\Together.UI.csproj", "{51433E30-D1F6-44BF-A6B4-B24C76A85A51}"
EndProject
Project("{FAE04EC0-301F-11D3-BF4B-00C04F79EFBC}") = "Together.Droid", "src\Mobile\Together\Together.Droid\Together.Droid.csproj", "{41112AEF-6A40-43C9-8D00-6F703D4F3ADB}"
EndProject
Project("{FAE04EC0-301F-11D3-BF4B-00C04F79EFBC}") = "Together.iOS", "src\Mobile\Together\Together.iOS\Together.iOS.csproj", "{D31A0D67-7427-4B4F-BF43-5ADBD013662B}"
EndProject
Project("{FAE04EC0-301F-11D3-BF4B-00C04F79EFBC}") = "Together.UWP", "src\Mobile\Together\Together.UWP\Together.UWP.csproj", "{A46B667E-AEA0-482B-8200-A5610B852A76}"
EndProject
Project("{2150E333-8FDC-42A3-9474-1A3956D46DE8}") = "!Solution Items", "!Solution Items", "{00CBBD7C-5CA1-4110-B3AB-6D800BCA655F}"
	ProjectSection(SolutionItems) = preProject
		.editorconfig = .editorconfig
	EndProjectSection
EndProject
Project("{2150E333-8FDC-42A3-9474-1A3956D46DE8}") = "Shared Code", "Shared Code", "{F27F6DB2-394F-42E6-851C-E906CDDD9220}"
EndProject
Project("{2150E333-8FDC-42A3-9474-1A3956D46DE8}") = "Platforms", "Platforms", "{4D6845AD-335E-48E4-A218-907AF234D7AD}"
EndProject
Global
	GlobalSection(SolutionConfigurationPlatforms) = preSolution
		Debug|Any CPU = Debug|Any CPU
		Debug|ARM = Debug|ARM
		Debug|iPhone = Debug|iPhone
		Debug|iPhoneSimulator = Debug|iPhoneSimulator
		Debug|x64 = Debug|x64
		Debug|x86 = Debug|x86
		Release|Any CPU = Release|Any CPU
		Release|ARM = Release|ARM
		Release|iPhone = Release|iPhone
		Release|iPhoneSimulator = Release|iPhoneSimulator
		Release|x64 = Release|x64
		Release|x86 = Release|x86
	EndGlobalSection
	GlobalSection(ProjectConfigurationPlatforms) = postSolution
		{D035A43A-4CC8-49B8-858D-A151FCFEF004}.Debug|Any CPU.ActiveCfg = Debug|Any CPU
		{D035A43A-4CC8-49B8-858D-A151FCFEF004}.Debug|Any CPU.Build.0 = Debug|Any CPU
		{D035A43A-4CC8-49B8-858D-A151FCFEF004}.Debug|ARM.ActiveCfg = Debug|Any CPU
		{D035A43A-4CC8-49B8-858D-A151FCFEF004}.Debug|ARM.Build.0 = Debug|Any CPU
		{D035A43A-4CC8-49B8-858D-A151FCFEF004}.Debug|iPhone.ActiveCfg = Debug|Any CPU
		{D035A43A-4CC8-49B8-858D-A151FCFEF004}.Debug|iPhone.Build.0 = Debug|Any CPU
		{D035A43A-4CC8-49B8-858D-A151FCFEF004}.Debug|iPhoneSimulator.ActiveCfg = Debug|Any CPU
		{D035A43A-4CC8-49B8-858D-A151FCFEF004}.Debug|iPhoneSimulator.Build.0 = Debug|Any CPU
		{D035A43A-4CC8-49B8-858D-A151FCFEF004}.Debug|x64.ActiveCfg = Debug|Any CPU
		{D035A43A-4CC8-49B8-858D-A151FCFEF004}.Debug|x64.Build.0 = Debug|Any CPU
		{D035A43A-4CC8-49B8-858D-A151FCFEF004}.Debug|x86.ActiveCfg = Debug|Any CPU
		{D035A43A-4CC8-49B8-858D-A151FCFEF004}.Debug|x86.Build.0 = Debug|Any CPU
		{D035A43A-4CC8-49B8-858D-A151FCFEF004}.Release|Any CPU.ActiveCfg = Release|Any CPU
		{D035A43A-4CC8-49B8-858D-A151FCFEF004}.Release|Any CPU.Build.0 = Release|Any CPU
		{D035A43A-4CC8-49B8-858D-A151FCFEF004}.Release|ARM.ActiveCfg = Release|Any CPU
		{D035A43A-4CC8-49B8-858D-A151FCFEF004}.Release|ARM.Build.0 = Release|Any CPU
		{D035A43A-4CC8-49B8-858D-A151FCFEF004}.Release|iPhone.ActiveCfg = Release|Any CPU
		{D035A43A-4CC8-49B8-858D-A151FCFEF004}.Release|iPhone.Build.0 = Release|Any CPU
		{D035A43A-4CC8-49B8-858D-A151FCFEF004}.Release|iPhoneSimulator.ActiveCfg = Release|Any CPU
		{D035A43A-4CC8-49B8-858D-A151FCFEF004}.Release|iPhoneSimulator.Build.0 = Release|Any CPU
		{D035A43A-4CC8-49B8-858D-A151FCFEF004}.Release|x64.ActiveCfg = Release|Any CPU
		{D035A43A-4CC8-49B8-858D-A151FCFEF004}.Release|x64.Build.0 = Release|Any CPU
		{D035A43A-4CC8-49B8-858D-A151FCFEF004}.Release|x86.ActiveCfg = Release|Any CPU
		{D035A43A-4CC8-49B8-858D-A151FCFEF004}.Release|x86.Build.0 = Release|Any CPU
		{51433E30-D1F6-44BF-A6B4-B24C76A85A51}.Debug|Any CPU.ActiveCfg = Debug|Any CPU
		{51433E30-D1F6-44BF-A6B4-B24C76A85A51}.Debug|Any CPU.Build.0 = Debug|Any CPU
		{51433E30-D1F6-44BF-A6B4-B24C76A85A51}.Debug|ARM.ActiveCfg = Debug|Any CPU
		{51433E30-D1F6-44BF-A6B4-B24C76A85A51}.Debug|ARM.Build.0 = Debug|Any CPU
		{51433E30-D1F6-44BF-A6B4-B24C76A85A51}.Debug|iPhone.ActiveCfg = Debug|Any CPU
		{51433E30-D1F6-44BF-A6B4-B24C76A85A51}.Debug|iPhone.Build.0 = Debug|Any CPU
		{51433E30-D1F6-44BF-A6B4-B24C76A85A51}.Debug|iPhoneSimulator.ActiveCfg = Debug|Any CPU
		{51433E30-D1F6-44BF-A6B4-B24C76A85A51}.Debug|iPhoneSimulator.Build.0 = Debug|Any CPU
		{51433E30-D1F6-44BF-A6B4-B24C76A85A51}.Debug|x64.ActiveCfg = Debug|Any CPU
		{51433E30-D1F6-44BF-A6B4-B24C76A85A51}.Debug|x64.Build.0 = Debug|Any CPU
		{51433E30-D1F6-44BF-A6B4-B24C76A85A51}.Debug|x86.ActiveCfg = Debug|Any CPU
		{51433E30-D1F6-44BF-A6B4-B24C76A85A51}.Debug|x86.Build.0 = Debug|Any CPU
		{51433E30-D1F6-44BF-A6B4-B24C76A85A51}.Release|Any CPU.ActiveCfg = Release|Any CPU
		{51433E30-D1F6-44BF-A6B4-B24C76A85A51}.Release|Any CPU.Build.0 = Release|Any CPU
		{51433E30-D1F6-44BF-A6B4-B24C76A85A51}.Release|ARM.ActiveCfg = Release|Any CPU
		{51433E30-D1F6-44BF-A6B4-B24C76A85A51}.Release|ARM.Build.0 = Release|Any CPU
		{51433E30-D1F6-44BF-A6B4-B24C76A85A51}.Release|iPhone.ActiveCfg = Release|Any CPU
		{51433E30-D1F6-44BF-A6B4-B24C76A85A51}.Release|iPhone.Build.0 = Release|Any CPU
		{51433E30-D1F6-44BF-A6B4-B24C76A85A51}.Release|iPhoneSimulator.ActiveCfg = Release|Any CPU
		{51433E30-D1F6-44BF-A6B4-B24C76A85A51}.Release|iPhoneSimulator.Build.0 = Release|Any CPU
		{51433E30-D1F6-44BF-A6B4-B24C76A85A51}.Release|x64.ActiveCfg = Release|Any CPU
		{51433E30-D1F6-44BF-A6B4-B24C76A85A51}.Release|x64.Build.0 = Release|Any CPU
		{51433E30-D1F6-44BF-A6B4-B24C76A85A51}.Release|x86.ActiveCfg = Release|Any CPU
		{51433E30-D1F6-44BF-A6B4-B24C76A85A51}.Release|x86.Build.0 = Release|Any CPU
		{41112AEF-6A40-43C9-8D00-6F703D4F3ADB}.Debug|Any CPU.ActiveCfg = Debug|Any CPU
		{41112AEF-6A40-43C9-8D00-6F703D4F3ADB}.Debug|Any CPU.Build.0 = Debug|Any CPU
		{41112AEF-6A40-43C9-8D00-6F703D4F3ADB}.Debug|Any CPU.Deploy.0 = Debug|Any CPU
		{41112AEF-6A40-43C9-8D00-6F703D4F3ADB}.Debug|ARM.ActiveCfg = Debug|Any CPU
		{41112AEF-6A40-43C9-8D00-6F703D4F3ADB}.Debug|ARM.Build.0 = Debug|Any CPU
		{41112AEF-6A40-43C9-8D00-6F703D4F3ADB}.Debug|ARM.Deploy.0 = Debug|Any CPU
		{41112AEF-6A40-43C9-8D00-6F703D4F3ADB}.Debug|iPhone.ActiveCfg = Debug|Any CPU
		{41112AEF-6A40-43C9-8D00-6F703D4F3ADB}.Debug|iPhone.Build.0 = Debug|Any CPU
		{41112AEF-6A40-43C9-8D00-6F703D4F3ADB}.Debug|iPhone.Deploy.0 = Debug|Any CPU
		{41112AEF-6A40-43C9-8D00-6F703D4F3ADB}.Debug|iPhoneSimulator.ActiveCfg = Debug|Any CPU
		{41112AEF-6A40-43C9-8D00-6F703D4F3ADB}.Debug|iPhoneSimulator.Build.0 = Debug|Any CPU
		{41112AEF-6A40-43C9-8D00-6F703D4F3ADB}.Debug|iPhoneSimulator.Deploy.0 = Debug|Any CPU
		{41112AEF-6A40-43C9-8D00-6F703D4F3ADB}.Debug|x64.ActiveCfg = Debug|Any CPU
		{41112AEF-6A40-43C9-8D00-6F703D4F3ADB}.Debug|x64.Build.0 = Debug|Any CPU
		{41112AEF-6A40-43C9-8D00-6F703D4F3ADB}.Debug|x64.Deploy.0 = Debug|Any CPU
		{41112AEF-6A40-43C9-8D00-6F703D4F3ADB}.Debug|x86.ActiveCfg = Debug|Any CPU
		{41112AEF-6A40-43C9-8D00-6F703D4F3ADB}.Debug|x86.Build.0 = Debug|Any CPU
		{41112AEF-6A40-43C9-8D00-6F703D4F3ADB}.Debug|x86.Deploy.0 = Debug|Any CPU
		{41112AEF-6A40-43C9-8D00-6F703D4F3ADB}.Release|Any CPU.ActiveCfg = Release|Any CPU
		{41112AEF-6A40-43C9-8D00-6F703D4F3ADB}.Release|Any CPU.Build.0 = Release|Any CPU
		{41112AEF-6A40-43C9-8D00-6F703D4F3ADB}.Release|Any CPU.Deploy.0 = Release|Any CPU
		{41112AEF-6A40-43C9-8D00-6F703D4F3ADB}.Release|ARM.ActiveCfg = Release|Any CPU
		{41112AEF-6A40-43C9-8D00-6F703D4F3ADB}.Release|ARM.Build.0 = Release|Any CPU
		{41112AEF-6A40-43C9-8D00-6F703D4F3ADB}.Release|ARM.Deploy.0 = Release|Any CPU
		{41112AEF-6A40-43C9-8D00-6F703D4F3ADB}.Release|iPhone.ActiveCfg = Release|Any CPU
		{41112AEF-6A40-43C9-8D00-6F703D4F3ADB}.Release|iPhone.Build.0 = Release|Any CPU
		{41112AEF-6A40-43C9-8D00-6F703D4F3ADB}.Release|iPhone.Deploy.0 = Release|Any CPU
		{41112AEF-6A40-43C9-8D00-6F703D4F3ADB}.Release|iPhoneSimulator.ActiveCfg = Release|Any CPU
		{41112AEF-6A40-43C9-8D00-6F703D4F3ADB}.Release|iPhoneSimulator.Build.0 = Release|Any CPU
		{41112AEF-6A40-43C9-8D00-6F703D4F3ADB}.Release|iPhoneSimulator.Deploy.0 = Release|Any CPU
		{41112AEF-6A40-43C9-8D00-6F703D4F3ADB}.Release|x64.ActiveCfg = Release|Any CPU
		{41112AEF-6A40-43C9-8D00-6F703D4F3ADB}.Release|x64.Build.0 = Release|Any CPU
		{41112AEF-6A40-43C9-8D00-6F703D4F3ADB}.Release|x64.Deploy.0 = Release|Any CPU
		{41112AEF-6A40-43C9-8D00-6F703D4F3ADB}.Release|x86.ActiveCfg = Release|Any CPU
		{41112AEF-6A40-43C9-8D00-6F703D4F3ADB}.Release|x86.Build.0 = Release|Any CPU
		{41112AEF-6A40-43C9-8D00-6F703D4F3ADB}.Release|x86.Deploy.0 = Release|Any CPU
		{D31A0D67-7427-4B4F-BF43-5ADBD013662B}.Debug|Any CPU.ActiveCfg = Debug|iPhone
		{D31A0D67-7427-4B4F-BF43-5ADBD013662B}.Debug|Any CPU.Build.0 = Debug|iPhone
		{D31A0D67-7427-4B4F-BF43-5ADBD013662B}.Debug|ARM.ActiveCfg = Debug|iPhone
		{D31A0D67-7427-4B4F-BF43-5ADBD013662B}.Debug|iPhone.ActiveCfg = Debug|iPhone
		{D31A0D67-7427-4B4F-BF43-5ADBD013662B}.Debug|iPhone.Build.0 = Debug|iPhone
		{D31A0D67-7427-4B4F-BF43-5ADBD013662B}.Debug|iPhone.Deploy.0 = Debug|iPhone
		{D31A0D67-7427-4B4F-BF43-5ADBD013662B}.Debug|iPhoneSimulator.ActiveCfg = Debug|iPhoneSimulator
		{D31A0D67-7427-4B4F-BF43-5ADBD013662B}.Debug|iPhoneSimulator.Build.0 = Debug|iPhoneSimulator
		{D31A0D67-7427-4B4F-BF43-5ADBD013662B}.Debug|iPhoneSimulator.Deploy.0 = Debug|iPhoneSimulator
		{D31A0D67-7427-4B4F-BF43-5ADBD013662B}.Debug|x64.ActiveCfg = Debug|iPhone
		{D31A0D67-7427-4B4F-BF43-5ADBD013662B}.Debug|x86.ActiveCfg = Debug|iPhone
		{D31A0D67-7427-4B4F-BF43-5ADBD013662B}.Release|Any CPU.ActiveCfg = Release|iPhone
		{D31A0D67-7427-4B4F-BF43-5ADBD013662B}.Release|ARM.ActiveCfg = Release|iPhone
		{D31A0D67-7427-4B4F-BF43-5ADBD013662B}.Release|iPhone.ActiveCfg = Release|iPhone
		{D31A0D67-7427-4B4F-BF43-5ADBD013662B}.Release|iPhone.Build.0 = Release|iPhone
		{D31A0D67-7427-4B4F-BF43-5ADBD013662B}.Release|iPhone.Deploy.0 = Release|iPhone
		{D31A0D67-7427-4B4F-BF43-5ADBD013662B}.Release|iPhoneSimulator.ActiveCfg = Release|iPhoneSimulator
		{D31A0D67-7427-4B4F-BF43-5ADBD013662B}.Release|iPhoneSimulator.Build.0 = Release|iPhoneSimulator
		{D31A0D67-7427-4B4F-BF43-5ADBD013662B}.Release|iPhoneSimulator.Deploy.0 = Release|iPhoneSimulator
		{D31A0D67-7427-4B4F-BF43-5ADBD013662B}.Release|x64.ActiveCfg = Release|iPhone
		{D31A0D67-7427-4B4F-BF43-5ADBD013662B}.Release|x86.ActiveCfg = Release|iPhone
		{A46B667E-AEA0-482B-8200-A5610B852A76}.Debug|Any CPU.ActiveCfg = Debug|x86
		{A46B667E-AEA0-482B-8200-A5610B852A76}.Debug|ARM.ActiveCfg = Debug|ARM
		{A46B667E-AEA0-482B-8200-A5610B852A76}.Debug|ARM.Build.0 = Debug|ARM
		{A46B667E-AEA0-482B-8200-A5610B852A76}.Debug|ARM.Deploy.0 = Debug|ARM
		{A46B667E-AEA0-482B-8200-A5610B852A76}.Debug|iPhone.ActiveCfg = Debug|x86
		{A46B667E-AEA0-482B-8200-A5610B852A76}.Debug|iPhoneSimulator.ActiveCfg = Debug|x86
		{A46B667E-AEA0-482B-8200-A5610B852A76}.Debug|x64.ActiveCfg = Debug|x64
		{A46B667E-AEA0-482B-8200-A5610B852A76}.Debug|x64.Build.0 = Debug|x64
		{A46B667E-AEA0-482B-8200-A5610B852A76}.Debug|x64.Deploy.0 = Debug|x64
		{A46B667E-AEA0-482B-8200-A5610B852A76}.Debug|x86.ActiveCfg = Debug|x86
		{A46B667E-AEA0-482B-8200-A5610B852A76}.Debug|x86.Build.0 = Debug|x86
		{A46B667E-AEA0-482B-8200-A5610B852A76}.Debug|x86.Deploy.0 = Debug|x86
		{A46B667E-AEA0-482B-8200-A5610B852A76}.Release|Any CPU.ActiveCfg = Release|x86
		{A46B667E-AEA0-482B-8200-A5610B852A76}.Release|ARM.ActiveCfg = Release|ARM
		{A46B667E-AEA0-482B-8200-A5610B852A76}.Release|ARM.Build.0 = Release|ARM
		{A46B667E-AEA0-482B-8200-A5610B852A76}.Release|ARM.Deploy.0 = Release|ARM
		{A46B667E-AEA0-482B-8200-A5610B852A76}.Release|iPhone.ActiveCfg = Release|x86
		{A46B667E-AEA0-482B-8200-A5610B852A76}.Release|iPhoneSimulator.ActiveCfg = Release|x86
		{A46B667E-AEA0-482B-8200-A5610B852A76}.Release|x64.ActiveCfg = Release|x64
		{A46B667E-AEA0-482B-8200-A5610B852A76}.Release|x64.Build.0 = Release|x64
		{A46B667E-AEA0-482B-8200-A5610B852A76}.Release|x64.Deploy.0 = Release|x64
		{A46B667E-AEA0-482B-8200-A5610B852A76}.Release|x86.ActiveCfg = Release|x86
		{A46B667E-AEA0-482B-8200-A5610B852A76}.Release|x86.Build.0 = Release|x86
		{A46B667E-AEA0-482B-8200-A5610B852A76}.Release|x86.Deploy.0 = Release|x86
	EndGlobalSection
	GlobalSection(SolutionProperties) = preSolution
		HideSolutionNode = FALSE
	EndGlobalSection
	GlobalSection(NestedProjects) = preSolution
		{D035A43A-4CC8-49B8-858D-A151FCFEF004} = {F27F6DB2-394F-42E6-851C-E906CDDD9220}
		{51433E30-D1F6-44BF-A6B4-B24C76A85A51} = {F27F6DB2-394F-42E6-851C-E906CDDD9220}
		{41112AEF-6A40-43C9-8D00-6F703D4F3ADB} = {4D6845AD-335E-48E4-A218-907AF234D7AD}
		{D31A0D67-7427-4B4F-BF43-5ADBD013662B} = {4D6845AD-335E-48E4-A218-907AF234D7AD}
		{A46B667E-AEA0-482B-8200-A5610B852A76} = {4D6845AD-335E-48E4-A218-907AF234D7AD}
	EndGlobalSection
	GlobalSection(ExtensibilityGlobals) = postSolution
		SolutionGuid = {BD9DCF8D-7046-40F3-83AA-B832FE5932E5}
	EndGlobalSection
EndGlobal
