
Microsoft Visual Studio Solution File, Format Version 12.00
# Visual Studio 15
VisualStudioVersion = 15.0.26124.0
MinimumVisualStudioVersion = 15.0.26124.0
Project("{2150E333-8FDC-42A3-9474-1A3956D46DE8}") = "src", "src", "{3FF80A8E-4391-4985-8684-BDF5FB63943D}"
EndProject
Project("{E53339B2-1760-4266-BCC7-CA923CBCF16C}") = "docker-compose", "docker-compose.dcproj", "{4EA4963C-B105-43F0-B61B-7E00C52361BD}"
EndProject
Project("{2150E333-8FDC-42A3-9474-1A3956D46DE8}") = "WebApps", "WebApps", "{B4ECBB2F-1B65-440D-8D82-4B07B7F2105B}"
EndProject
Project("{2150E333-8FDC-42A3-9474-1A3956D46DE8}") = "Services", "Services", "{0C29A4E1-3189-4BBE-8C1B-57CA46961266}"
EndProject
Project("{2150E333-8FDC-42A3-9474-1A3956D46DE8}") = "BuildingBlocks", "BuildingBlocks", "{2A2BCB8A-E040-48DD-889F-F31CD18D7D82}"
EndProject
Project("{2150E333-8FDC-42A3-9474-1A3956D46DE8}") = "Activity", "Activity", "{84A6F8D8-0E5A-4768-9452-A873046600C6}"
EndProject
Project("{2150E333-8FDC-42A3-9474-1A3956D46DE8}") = "Identity", "Identity", "{5B86B772-B66C-4D96-9C36-A43253C7BB2F}"
EndProject
Project("{2150E333-8FDC-42A3-9474-1A3956D46DE8}") = "Topic", "Topic", "{2C9A9FDC-B750-4F01-BAE1-6534CCC4ED92}"
EndProject
Project("{2150E333-8FDC-42A3-9474-1A3956D46DE8}") = "Recommend", "Recommend", "{B8B60F38-FF81-4645-B344-A9F274B93D6B}"
EndProject
Project("{9A19103F-16F7-4668-BE54-9A1E7A4F7556}") = "Activity.API", "src\Services\Activity\Activity.API\Activity.API.csproj", "{7D34A521-61B4-4A7D-860E-72934178178B}"
EndProject
Project("{9A19103F-16F7-4668-BE54-9A1E7A4F7556}") = "Activity.Domain", "src\Services\Activity\Activity.Domain\Activity.Domain.csproj", "{A08997F5-1467-4D66-AECA-D4E016A90BB5}"
EndProject
Project("{9A19103F-16F7-4668-BE54-9A1E7A4F7556}") = "Activity.Infrastructure", "src\Services\Activity\Activity.Infrastructure\Activity.Infrastructure.csproj", "{3979CD50-DAC4-4E46-A399-BA25F7F0E9C2}"
EndProject
Project("{2150E333-8FDC-42A3-9474-1A3956D46DE8}") = "test", "test", "{A5231797-4468-41B3-A161-81469F4F57AE}"
EndProject
Project("{2150E333-8FDC-42A3-9474-1A3956D46DE8}") = "ServiceTests", "ServiceTests", "{73C29301-7172-472A-AA11-E163BC725422}"
EndProject
Project("{2150E333-8FDC-42A3-9474-1A3956D46DE8}") = "ActivityTests", "ActivityTests", "{26EF328D-DA7D-40AB-B892-083763701B1F}"
EndProject
Project("{9A19103F-16F7-4668-BE54-9A1E7A4F7556}") = "DomainTests", "test\ServiceTests\ActivityTests\DomainTests\DomainTests.csproj", "{8A7300EC-01E5-4D5B-A309-4DA8138D5734}"
EndProject
Project("{9A19103F-16F7-4668-BE54-9A1E7A4F7556}") = "APITest", "test\ServiceTests\ActivityTests\APITest\APITest.csproj", "{DE01B9C5-F1D6-4F6D-94E0-D18CCDCE21D2}"
EndProject
Project("{2150E333-8FDC-42A3-9474-1A3956D46DE8}") = "Location", "Location", "{58576336-945E-4AB7-8382-5B1EBE0550D0}"
EndProject
Project("{9A19103F-16F7-4668-BE54-9A1E7A4F7556}") = "Location.API", "src\Services\Location\Location.API\Location.API.csproj", "{08ED8D0E-94EF-4B96-AE6D-9F61AD3F9CD2}"
EndProject
Project("{9A19103F-16F7-4668-BE54-9A1E7A4F7556}") = "Nutshell.Resilience.HttpRequest", "src\BuildingBlocks\Nutshell.Resilience.HttpRequest\Nutshell.Resilience.HttpRequest.csproj", "{6809E89B-9380-421A-9A13-4A9CD3E29CC0}"
EndProject
Project("{9A19103F-16F7-4668-BE54-9A1E7A4F7556}") = "Identity.API", "src\Services\Identity\Identity.API\Identity.API.csproj", "{9D808584-0AC6-4908-A60D-BD7096E3EB34}"
EndProject
Project("{2150E333-8FDC-42A3-9474-1A3956D46DE8}") = "UserGroup", "UserGroup", "{78B370BC-006E-4C28-8467-5AB7433E3B0E}"
EndProject
Project("{9A19103F-16F7-4668-BE54-9A1E7A4F7556}") = "UserGroup.API", "src\Services\UserGroup\UserGroup.API\UserGroup.API.csproj", "{F23333E3-4170-4D18-9F1B-76A00E13AB7D}"
EndProject
Project("{9A19103F-16F7-4668-BE54-9A1E7A4F7556}") = "WebMVC", "src\WebApps\WebMVC\WebMVC.csproj", "{3699DEEF-0E09-4657-AC63-F5EFEFB298CB}"
EndProject
Project("{2150E333-8FDC-42A3-9474-1A3956D46DE8}") = "ApiGateways", "ApiGateways", "{81F22FEF-6FB9-4BE6-8ED4-0F5AF72AA1E7}"
EndProject
Project("{9A19103F-16F7-4668-BE54-9A1E7A4F7556}") = "Api.Gateway", "src\ApiGateways\Api.Gateway\Api.Gateway.csproj", "{0AEE2BE5-2085-4B37-B2B7-D514EC2D1BD8}"
EndProject
Project("{9A19103F-16F7-4668-BE54-9A1E7A4F7556}") = "Topic.API", "src\Services\Topic\Topic.API\Topic.API.csproj", "{75AFBA4D-6D47-49D3-AFE8-73B69589B7F2}"
EndProject
Project("{2150E333-8FDC-42A3-9474-1A3956D46DE8}") = "Notice", "Notice", "{4CCBE2C7-EE9E-493B-8859-B3E336017164}"
EndProject
Project("{9A19103F-16F7-4668-BE54-9A1E7A4F7556}") = "NoticeService", "src\Services\Notice\NoticeService\NoticeService.csproj", "{82DC0FE8-466F-456D-B2DC-B9132AB8B9C4}"
EndProject
Project("{9A19103F-16F7-4668-BE54-9A1E7A4F7556}") = "Nutshell.Extensions.WebHost", "src\BuildingBlocks\Nutshell.Extensions.WebHost\Nutshell.Extensions.WebHost.csproj", "{D182ECCF-9D47-41C7-8B82-6E834F655229}"
EndProject
Project("{9A19103F-16F7-4668-BE54-9A1E7A4F7556}") = "Nutshell.Common.Cache", "src\BuildingBlocks\Nutshell.Common.Cache\Nutshell.Common.Cache.csproj", "{D0C25B96-F7C2-4EEC-AC0A-2F31780A7802}"
EndProject
Project("{FAE04EC0-301F-11D3-BF4B-00C04F79EFBC}") = "Activity.BackgroundTasks", "src\Services\Activity\Activity.BackgroundTasks\Activity.BackgroundTasks.csproj", "{0CA1DAD9-DF55-42A5-8EFF-9950B55AD4FA}"
EndProject
Global
	GlobalSection(SolutionConfigurationPlatforms) = preSolution
		Debug|Any CPU = Debug|Any CPU
		Release|Any CPU = Release|Any CPU
	EndGlobalSection
	GlobalSection(ProjectConfigurationPlatforms) = postSolution
		{4EA4963C-B105-43F0-B61B-7E00C52361BD}.Debug|Any CPU.ActiveCfg = Debug|Any CPU
		{4EA4963C-B105-43F0-B61B-7E00C52361BD}.Debug|Any CPU.Build.0 = Debug|Any CPU
		{4EA4963C-B105-43F0-B61B-7E00C52361BD}.Release|Any CPU.ActiveCfg = Release|Any CPU
		{4EA4963C-B105-43F0-B61B-7E00C52361BD}.Release|Any CPU.Build.0 = Release|Any CPU
		{7D34A521-61B4-4A7D-860E-72934178178B}.Debug|Any CPU.ActiveCfg = Debug|Any CPU
		{7D34A521-61B4-4A7D-860E-72934178178B}.Debug|Any CPU.Build.0 = Debug|Any CPU
		{7D34A521-61B4-4A7D-860E-72934178178B}.Release|Any CPU.ActiveCfg = Release|Any CPU
		{7D34A521-61B4-4A7D-860E-72934178178B}.Release|Any CPU.Build.0 = Release|Any CPU
		{A08997F5-1467-4D66-AECA-D4E016A90BB5}.Debug|Any CPU.ActiveCfg = Debug|Any CPU
		{A08997F5-1467-4D66-AECA-D4E016A90BB5}.Debug|Any CPU.Build.0 = Debug|Any CPU
		{A08997F5-1467-4D66-AECA-D4E016A90BB5}.Release|Any CPU.ActiveCfg = Release|Any CPU
		{A08997F5-1467-4D66-AECA-D4E016A90BB5}.Release|Any CPU.Build.0 = Release|Any CPU
		{3979CD50-DAC4-4E46-A399-BA25F7F0E9C2}.Debug|Any CPU.ActiveCfg = Debug|Any CPU
		{3979CD50-DAC4-4E46-A399-BA25F7F0E9C2}.Debug|Any CPU.Build.0 = Debug|Any CPU
		{3979CD50-DAC4-4E46-A399-BA25F7F0E9C2}.Release|Any CPU.ActiveCfg = Release|Any CPU
		{3979CD50-DAC4-4E46-A399-BA25F7F0E9C2}.Release|Any CPU.Build.0 = Release|Any CPU
		{8A7300EC-01E5-4D5B-A309-4DA8138D5734}.Debug|Any CPU.ActiveCfg = Debug|Any CPU
		{8A7300EC-01E5-4D5B-A309-4DA8138D5734}.Debug|Any CPU.Build.0 = Debug|Any CPU
		{8A7300EC-01E5-4D5B-A309-4DA8138D5734}.Release|Any CPU.ActiveCfg = Release|Any CPU
		{8A7300EC-01E5-4D5B-A309-4DA8138D5734}.Release|Any CPU.Build.0 = Release|Any CPU
		{DE01B9C5-F1D6-4F6D-94E0-D18CCDCE21D2}.Debug|Any CPU.ActiveCfg = Debug|Any CPU
		{DE01B9C5-F1D6-4F6D-94E0-D18CCDCE21D2}.Debug|Any CPU.Build.0 = Debug|Any CPU
		{DE01B9C5-F1D6-4F6D-94E0-D18CCDCE21D2}.Release|Any CPU.ActiveCfg = Release|Any CPU
		{DE01B9C5-F1D6-4F6D-94E0-D18CCDCE21D2}.Release|Any CPU.Build.0 = Release|Any CPU
		{08ED8D0E-94EF-4B96-AE6D-9F61AD3F9CD2}.Debug|Any CPU.ActiveCfg = Debug|Any CPU
		{08ED8D0E-94EF-4B96-AE6D-9F61AD3F9CD2}.Debug|Any CPU.Build.0 = Debug|Any CPU
		{08ED8D0E-94EF-4B96-AE6D-9F61AD3F9CD2}.Release|Any CPU.ActiveCfg = Release|Any CPU
		{08ED8D0E-94EF-4B96-AE6D-9F61AD3F9CD2}.Release|Any CPU.Build.0 = Release|Any CPU
		{6809E89B-9380-421A-9A13-4A9CD3E29CC0}.Debug|Any CPU.ActiveCfg = Debug|Any CPU
		{6809E89B-9380-421A-9A13-4A9CD3E29CC0}.Debug|Any CPU.Build.0 = Debug|Any CPU
		{6809E89B-9380-421A-9A13-4A9CD3E29CC0}.Release|Any CPU.ActiveCfg = Release|Any CPU
		{6809E89B-9380-421A-9A13-4A9CD3E29CC0}.Release|Any CPU.Build.0 = Release|Any CPU
		{9D808584-0AC6-4908-A60D-BD7096E3EB34}.Debug|Any CPU.ActiveCfg = Debug|Any CPU
		{9D808584-0AC6-4908-A60D-BD7096E3EB34}.Debug|Any CPU.Build.0 = Debug|Any CPU
		{9D808584-0AC6-4908-A60D-BD7096E3EB34}.Release|Any CPU.ActiveCfg = Release|Any CPU
		{9D808584-0AC6-4908-A60D-BD7096E3EB34}.Release|Any CPU.Build.0 = Release|Any CPU
		{F23333E3-4170-4D18-9F1B-76A00E13AB7D}.Debug|Any CPU.ActiveCfg = Debug|Any CPU
		{F23333E3-4170-4D18-9F1B-76A00E13AB7D}.Debug|Any CPU.Build.0 = Debug|Any CPU
		{F23333E3-4170-4D18-9F1B-76A00E13AB7D}.Release|Any CPU.ActiveCfg = Release|Any CPU
		{F23333E3-4170-4D18-9F1B-76A00E13AB7D}.Release|Any CPU.Build.0 = Release|Any CPU
		{3699DEEF-0E09-4657-AC63-F5EFEFB298CB}.Debug|Any CPU.ActiveCfg = Debug|Any CPU
		{3699DEEF-0E09-4657-AC63-F5EFEFB298CB}.Debug|Any CPU.Build.0 = Debug|Any CPU
		{3699DEEF-0E09-4657-AC63-F5EFEFB298CB}.Release|Any CPU.ActiveCfg = Release|Any CPU
		{3699DEEF-0E09-4657-AC63-F5EFEFB298CB}.Release|Any CPU.Build.0 = Release|Any CPU
		{0AEE2BE5-2085-4B37-B2B7-D514EC2D1BD8}.Debug|Any CPU.ActiveCfg = Debug|Any CPU
		{0AEE2BE5-2085-4B37-B2B7-D514EC2D1BD8}.Debug|Any CPU.Build.0 = Debug|Any CPU
		{0AEE2BE5-2085-4B37-B2B7-D514EC2D1BD8}.Release|Any CPU.ActiveCfg = Release|Any CPU
		{0AEE2BE5-2085-4B37-B2B7-D514EC2D1BD8}.Release|Any CPU.Build.0 = Release|Any CPU
		{75AFBA4D-6D47-49D3-AFE8-73B69589B7F2}.Debug|Any CPU.ActiveCfg = Debug|Any CPU
		{75AFBA4D-6D47-49D3-AFE8-73B69589B7F2}.Debug|Any CPU.Build.0 = Debug|Any CPU
		{75AFBA4D-6D47-49D3-AFE8-73B69589B7F2}.Release|Any CPU.ActiveCfg = Release|Any CPU
		{75AFBA4D-6D47-49D3-AFE8-73B69589B7F2}.Release|Any CPU.Build.0 = Release|Any CPU
		{82DC0FE8-466F-456D-B2DC-B9132AB8B9C4}.Debug|Any CPU.ActiveCfg = Debug|Any CPU
		{82DC0FE8-466F-456D-B2DC-B9132AB8B9C4}.Debug|Any CPU.Build.0 = Debug|Any CPU
		{82DC0FE8-466F-456D-B2DC-B9132AB8B9C4}.Release|Any CPU.ActiveCfg = Release|Any CPU
		{82DC0FE8-466F-456D-B2DC-B9132AB8B9C4}.Release|Any CPU.Build.0 = Release|Any CPU
		{D182ECCF-9D47-41C7-8B82-6E834F655229}.Debug|Any CPU.ActiveCfg = Debug|Any CPU
		{D182ECCF-9D47-41C7-8B82-6E834F655229}.Debug|Any CPU.Build.0 = Debug|Any CPU
		{D182ECCF-9D47-41C7-8B82-6E834F655229}.Release|Any CPU.ActiveCfg = Release|Any CPU
		{D182ECCF-9D47-41C7-8B82-6E834F655229}.Release|Any CPU.Build.0 = Release|Any CPU
		{D0C25B96-F7C2-4EEC-AC0A-2F31780A7802}.Debug|Any CPU.ActiveCfg = Debug|Any CPU
		{D0C25B96-F7C2-4EEC-AC0A-2F31780A7802}.Debug|Any CPU.Build.0 = Debug|Any CPU
		{D0C25B96-F7C2-4EEC-AC0A-2F31780A7802}.Release|Any CPU.ActiveCfg = Release|Any CPU
		{D0C25B96-F7C2-4EEC-AC0A-2F31780A7802}.Release|Any CPU.Build.0 = Release|Any CPU
		{0CA1DAD9-DF55-42A5-8EFF-9950B55AD4FA}.Debug|Any CPU.ActiveCfg = Debug|Any CPU
		{0CA1DAD9-DF55-42A5-8EFF-9950B55AD4FA}.Debug|Any CPU.Build.0 = Debug|Any CPU
		{0CA1DAD9-DF55-42A5-8EFF-9950B55AD4FA}.Release|Any CPU.ActiveCfg = Release|Any CPU
		{0CA1DAD9-DF55-42A5-8EFF-9950B55AD4FA}.Release|Any CPU.Build.0 = Release|Any CPU
	EndGlobalSection
	GlobalSection(SolutionProperties) = preSolution
		HideSolutionNode = FALSE
	EndGlobalSection
	GlobalSection(NestedProjects) = preSolution
		{B4ECBB2F-1B65-440D-8D82-4B07B7F2105B} = {3FF80A8E-4391-4985-8684-BDF5FB63943D}
		{0C29A4E1-3189-4BBE-8C1B-57CA46961266} = {3FF80A8E-4391-4985-8684-BDF5FB63943D}
		{2A2BCB8A-E040-48DD-889F-F31CD18D7D82} = {3FF80A8E-4391-4985-8684-BDF5FB63943D}
		{84A6F8D8-0E5A-4768-9452-A873046600C6} = {0C29A4E1-3189-4BBE-8C1B-57CA46961266}
		{5B86B772-B66C-4D96-9C36-A43253C7BB2F} = {0C29A4E1-3189-4BBE-8C1B-57CA46961266}
		{2C9A9FDC-B750-4F01-BAE1-6534CCC4ED92} = {0C29A4E1-3189-4BBE-8C1B-57CA46961266}
		{B8B60F38-FF81-4645-B344-A9F274B93D6B} = {0C29A4E1-3189-4BBE-8C1B-57CA46961266}
		{7D34A521-61B4-4A7D-860E-72934178178B} = {84A6F8D8-0E5A-4768-9452-A873046600C6}
		{A08997F5-1467-4D66-AECA-D4E016A90BB5} = {84A6F8D8-0E5A-4768-9452-A873046600C6}
		{3979CD50-DAC4-4E46-A399-BA25F7F0E9C2} = {84A6F8D8-0E5A-4768-9452-A873046600C6}
		{73C29301-7172-472A-AA11-E163BC725422} = {A5231797-4468-41B3-A161-81469F4F57AE}
		{26EF328D-DA7D-40AB-B892-083763701B1F} = {73C29301-7172-472A-AA11-E163BC725422}
		{8A7300EC-01E5-4D5B-A309-4DA8138D5734} = {26EF328D-DA7D-40AB-B892-083763701B1F}
		{DE01B9C5-F1D6-4F6D-94E0-D18CCDCE21D2} = {26EF328D-DA7D-40AB-B892-083763701B1F}
		{58576336-945E-4AB7-8382-5B1EBE0550D0} = {0C29A4E1-3189-4BBE-8C1B-57CA46961266}
		{08ED8D0E-94EF-4B96-AE6D-9F61AD3F9CD2} = {58576336-945E-4AB7-8382-5B1EBE0550D0}
		{6809E89B-9380-421A-9A13-4A9CD3E29CC0} = {2A2BCB8A-E040-48DD-889F-F31CD18D7D82}
		{9D808584-0AC6-4908-A60D-BD7096E3EB34} = {5B86B772-B66C-4D96-9C36-A43253C7BB2F}
		{78B370BC-006E-4C28-8467-5AB7433E3B0E} = {0C29A4E1-3189-4BBE-8C1B-57CA46961266}
		{F23333E3-4170-4D18-9F1B-76A00E13AB7D} = {78B370BC-006E-4C28-8467-5AB7433E3B0E}
		{3699DEEF-0E09-4657-AC63-F5EFEFB298CB} = {B4ECBB2F-1B65-440D-8D82-4B07B7F2105B}
		{81F22FEF-6FB9-4BE6-8ED4-0F5AF72AA1E7} = {3FF80A8E-4391-4985-8684-BDF5FB63943D}
		{0AEE2BE5-2085-4B37-B2B7-D514EC2D1BD8} = {81F22FEF-6FB9-4BE6-8ED4-0F5AF72AA1E7}
		{75AFBA4D-6D47-49D3-AFE8-73B69589B7F2} = {2C9A9FDC-B750-4F01-BAE1-6534CCC4ED92}
		{4CCBE2C7-EE9E-493B-8859-B3E336017164} = {0C29A4E1-3189-4BBE-8C1B-57CA46961266}
		{82DC0FE8-466F-456D-B2DC-B9132AB8B9C4} = {4CCBE2C7-EE9E-493B-8859-B3E336017164}
		{D182ECCF-9D47-41C7-8B82-6E834F655229} = {2A2BCB8A-E040-48DD-889F-F31CD18D7D82}
		{D0C25B96-F7C2-4EEC-AC0A-2F31780A7802} = {2A2BCB8A-E040-48DD-889F-F31CD18D7D82}
		{0CA1DAD9-DF55-42A5-8EFF-9950B55AD4FA} = {84A6F8D8-0E5A-4768-9452-A873046600C6}
	EndGlobalSection
	GlobalSection(ExtensibilityGlobals) = postSolution
		SolutionGuid = {719599B4-B93C-4059-BB6E-16521AC810BF}
	EndGlobalSection
EndGlobal
