
Microsoft Visual Studio Solution File, Format Version 12.00
# Visual Studio 15
VisualStudioVersion = 15.0.26124.0
MinimumVisualStudioVersion = 15.0.26124.0
Project("{2150E333-8FDC-42A3-9474-1A3956D46DE8}") = "src", "src", "{4D45D3DC-4EB8-4460-A7F0-1A13B498D346}"
EndProject
Project("{2150E333-8FDC-42A3-9474-1A3956D46DE8}") = "microservices", "microservices", "{E90F07F5-DBB5-427E-9E27-CA46264D3263}"
EndProject
Project("{2150E333-8FDC-42A3-9474-1A3956D46DE8}") = "Activity", "Activity", "{49070015-F0B3-4AE6-834A-E63A0AB72564}"
EndProject
Project("{FAE04EC0-301F-11D3-BF4B-00C04F79EFBC}") = "Activity.API", "src\microservices\Activity\Activity.API\Activity.API.csproj", "{CE6EC630-68A8-465F-BAC1-6755F709E317}"
EndProject
Project("{FAE04EC0-301F-11D3-BF4B-00C04F79EFBC}") = "Activity.Domain", "src\microservices\Activity\Activity.Domain\Activity.Domain.csproj", "{89D5F292-B77C-4C9A-9550-FE03D6570EF9}"
EndProject
Project("{FAE04EC0-301F-11D3-BF4B-00C04F79EFBC}") = "Activity.Application", "src\microservices\Activity\Activity.Application\Activity.Application.csproj", "{4EA4827A-268A-411F-BD22-37654B4E95C8}"
EndProject
Project("{FAE04EC0-301F-11D3-BF4B-00C04F79EFBC}") = "Activity.Infrastructure", "src\microservices\Activity\Activity.Infrastructure\Activity.Infrastructure.csproj", "{BF3C2A68-C12A-4835-B265-DAB9D59662F0}"
EndProject
Project("{2150E333-8FDC-42A3-9474-1A3956D46DE8}") = "buildingblocks", "buildingblocks", "{99109141-98FD-4595-9E0E-E11688A4FCC1}"
EndProject
Project("{FAE04EC0-301F-11D3-BF4B-00C04F79EFBC}") = "BuildingBlocks.Domain", "src\buildingblocks\BuildingBlocks.Domain\BuildingBlocks.Domain.csproj", "{E67043F4-7351-45CF-A3CF-84E9E8B130B7}"
EndProject
Project("{FAE04EC0-301F-11D3-BF4B-00C04F79EFBC}") = "BuildingBlocks.Infrastructure", "src\buildingblocks\BuildingBlocks.Infrastructure\BuildingBlocks.Infrastructure.csproj", "{AADC0822-05EC-4FC0-9D78-8442450212FD}"
EndProject
Project("{FAE04EC0-301F-11D3-BF4B-00C04F79EFBC}") = "BuildingBlocks.Application", "src\buildingblocks\BuildingBlocks.Application\BuildingBlocks.Application.csproj", "{8E68B70D-ADF1-48E9-8DB8-A8F4E46F9B55}"
EndProject
Global
	GlobalSection(SolutionConfigurationPlatforms) = preSolution
		Debug|Any CPU = Debug|Any CPU
		Debug|x64 = Debug|x64
		Debug|x86 = Debug|x86
		Release|Any CPU = Release|Any CPU
		Release|x64 = Release|x64
		Release|x86 = Release|x86
	EndGlobalSection
	GlobalSection(SolutionProperties) = preSolution
		HideSolutionNode = FALSE
	EndGlobalSection
	GlobalSection(ProjectConfigurationPlatforms) = postSolution
		{CE6EC630-68A8-465F-BAC1-6755F709E317}.Debug|Any CPU.ActiveCfg = Debug|Any CPU
		{CE6EC630-68A8-465F-BAC1-6755F709E317}.Debug|Any CPU.Build.0 = Debug|Any CPU
		{CE6EC630-68A8-465F-BAC1-6755F709E317}.Debug|x64.ActiveCfg = Debug|Any CPU
		{CE6EC630-68A8-465F-BAC1-6755F709E317}.Debug|x64.Build.0 = Debug|Any CPU
		{CE6EC630-68A8-465F-BAC1-6755F709E317}.Debug|x86.ActiveCfg = Debug|Any CPU
		{CE6EC630-68A8-465F-BAC1-6755F709E317}.Debug|x86.Build.0 = Debug|Any CPU
		{CE6EC630-68A8-465F-BAC1-6755F709E317}.Release|Any CPU.ActiveCfg = Release|Any CPU
		{CE6EC630-68A8-465F-BAC1-6755F709E317}.Release|Any CPU.Build.0 = Release|Any CPU
		{CE6EC630-68A8-465F-BAC1-6755F709E317}.Release|x64.ActiveCfg = Release|Any CPU
		{CE6EC630-68A8-465F-BAC1-6755F709E317}.Release|x64.Build.0 = Release|Any CPU
		{CE6EC630-68A8-465F-BAC1-6755F709E317}.Release|x86.ActiveCfg = Release|Any CPU
		{CE6EC630-68A8-465F-BAC1-6755F709E317}.Release|x86.Build.0 = Release|Any CPU
		{89D5F292-B77C-4C9A-9550-FE03D6570EF9}.Debug|Any CPU.ActiveCfg = Debug|Any CPU
		{89D5F292-B77C-4C9A-9550-FE03D6570EF9}.Debug|Any CPU.Build.0 = Debug|Any CPU
		{89D5F292-B77C-4C9A-9550-FE03D6570EF9}.Debug|x64.ActiveCfg = Debug|Any CPU
		{89D5F292-B77C-4C9A-9550-FE03D6570EF9}.Debug|x64.Build.0 = Debug|Any CPU
		{89D5F292-B77C-4C9A-9550-FE03D6570EF9}.Debug|x86.ActiveCfg = Debug|Any CPU
		{89D5F292-B77C-4C9A-9550-FE03D6570EF9}.Debug|x86.Build.0 = Debug|Any CPU
		{89D5F292-B77C-4C9A-9550-FE03D6570EF9}.Release|Any CPU.ActiveCfg = Release|Any CPU
		{89D5F292-B77C-4C9A-9550-FE03D6570EF9}.Release|Any CPU.Build.0 = Release|Any CPU
		{89D5F292-B77C-4C9A-9550-FE03D6570EF9}.Release|x64.ActiveCfg = Release|Any CPU
		{89D5F292-B77C-4C9A-9550-FE03D6570EF9}.Release|x64.Build.0 = Release|Any CPU
		{89D5F292-B77C-4C9A-9550-FE03D6570EF9}.Release|x86.ActiveCfg = Release|Any CPU
		{89D5F292-B77C-4C9A-9550-FE03D6570EF9}.Release|x86.Build.0 = Release|Any CPU
		{4EA4827A-268A-411F-BD22-37654B4E95C8}.Debug|Any CPU.ActiveCfg = Debug|Any CPU
		{4EA4827A-268A-411F-BD22-37654B4E95C8}.Debug|Any CPU.Build.0 = Debug|Any CPU
		{4EA4827A-268A-411F-BD22-37654B4E95C8}.Debug|x64.ActiveCfg = Debug|Any CPU
		{4EA4827A-268A-411F-BD22-37654B4E95C8}.Debug|x64.Build.0 = Debug|Any CPU
		{4EA4827A-268A-411F-BD22-37654B4E95C8}.Debug|x86.ActiveCfg = Debug|Any CPU
		{4EA4827A-268A-411F-BD22-37654B4E95C8}.Debug|x86.Build.0 = Debug|Any CPU
		{4EA4827A-268A-411F-BD22-37654B4E95C8}.Release|Any CPU.ActiveCfg = Release|Any CPU
		{4EA4827A-268A-411F-BD22-37654B4E95C8}.Release|Any CPU.Build.0 = Release|Any CPU
		{4EA4827A-268A-411F-BD22-37654B4E95C8}.Release|x64.ActiveCfg = Release|Any CPU
		{4EA4827A-268A-411F-BD22-37654B4E95C8}.Release|x64.Build.0 = Release|Any CPU
		{4EA4827A-268A-411F-BD22-37654B4E95C8}.Release|x86.ActiveCfg = Release|Any CPU
		{4EA4827A-268A-411F-BD22-37654B4E95C8}.Release|x86.Build.0 = Release|Any CPU
		{BF3C2A68-C12A-4835-B265-DAB9D59662F0}.Debug|Any CPU.ActiveCfg = Debug|Any CPU
		{BF3C2A68-C12A-4835-B265-DAB9D59662F0}.Debug|Any CPU.Build.0 = Debug|Any CPU
		{BF3C2A68-C12A-4835-B265-DAB9D59662F0}.Debug|x64.ActiveCfg = Debug|Any CPU
		{BF3C2A68-C12A-4835-B265-DAB9D59662F0}.Debug|x64.Build.0 = Debug|Any CPU
		{BF3C2A68-C12A-4835-B265-DAB9D59662F0}.Debug|x86.ActiveCfg = Debug|Any CPU
		{BF3C2A68-C12A-4835-B265-DAB9D59662F0}.Debug|x86.Build.0 = Debug|Any CPU
		{BF3C2A68-C12A-4835-B265-DAB9D59662F0}.Release|Any CPU.ActiveCfg = Release|Any CPU
		{BF3C2A68-C12A-4835-B265-DAB9D59662F0}.Release|Any CPU.Build.0 = Release|Any CPU
		{BF3C2A68-C12A-4835-B265-DAB9D59662F0}.Release|x64.ActiveCfg = Release|Any CPU
		{BF3C2A68-C12A-4835-B265-DAB9D59662F0}.Release|x64.Build.0 = Release|Any CPU
		{BF3C2A68-C12A-4835-B265-DAB9D59662F0}.Release|x86.ActiveCfg = Release|Any CPU
		{BF3C2A68-C12A-4835-B265-DAB9D59662F0}.Release|x86.Build.0 = Release|Any CPU
		{E67043F4-7351-45CF-A3CF-84E9E8B130B7}.Debug|Any CPU.ActiveCfg = Debug|Any CPU
		{E67043F4-7351-45CF-A3CF-84E9E8B130B7}.Debug|Any CPU.Build.0 = Debug|Any CPU
		{E67043F4-7351-45CF-A3CF-84E9E8B130B7}.Debug|x64.ActiveCfg = Debug|Any CPU
		{E67043F4-7351-45CF-A3CF-84E9E8B130B7}.Debug|x64.Build.0 = Debug|Any CPU
		{E67043F4-7351-45CF-A3CF-84E9E8B130B7}.Debug|x86.ActiveCfg = Debug|Any CPU
		{E67043F4-7351-45CF-A3CF-84E9E8B130B7}.Debug|x86.Build.0 = Debug|Any CPU
		{E67043F4-7351-45CF-A3CF-84E9E8B130B7}.Release|Any CPU.ActiveCfg = Release|Any CPU
		{E67043F4-7351-45CF-A3CF-84E9E8B130B7}.Release|Any CPU.Build.0 = Release|Any CPU
		{E67043F4-7351-45CF-A3CF-84E9E8B130B7}.Release|x64.ActiveCfg = Release|Any CPU
		{E67043F4-7351-45CF-A3CF-84E9E8B130B7}.Release|x64.Build.0 = Release|Any CPU
		{E67043F4-7351-45CF-A3CF-84E9E8B130B7}.Release|x86.ActiveCfg = Release|Any CPU
		{E67043F4-7351-45CF-A3CF-84E9E8B130B7}.Release|x86.Build.0 = Release|Any CPU
		{AADC0822-05EC-4FC0-9D78-8442450212FD}.Debug|Any CPU.ActiveCfg = Debug|Any CPU
		{AADC0822-05EC-4FC0-9D78-8442450212FD}.Debug|Any CPU.Build.0 = Debug|Any CPU
		{AADC0822-05EC-4FC0-9D78-8442450212FD}.Debug|x64.ActiveCfg = Debug|Any CPU
		{AADC0822-05EC-4FC0-9D78-8442450212FD}.Debug|x64.Build.0 = Debug|Any CPU
		{AADC0822-05EC-4FC0-9D78-8442450212FD}.Debug|x86.ActiveCfg = Debug|Any CPU
		{AADC0822-05EC-4FC0-9D78-8442450212FD}.Debug|x86.Build.0 = Debug|Any CPU
		{AADC0822-05EC-4FC0-9D78-8442450212FD}.Release|Any CPU.ActiveCfg = Release|Any CPU
		{AADC0822-05EC-4FC0-9D78-8442450212FD}.Release|Any CPU.Build.0 = Release|Any CPU
		{AADC0822-05EC-4FC0-9D78-8442450212FD}.Release|x64.ActiveCfg = Release|Any CPU
		{AADC0822-05EC-4FC0-9D78-8442450212FD}.Release|x64.Build.0 = Release|Any CPU
		{AADC0822-05EC-4FC0-9D78-8442450212FD}.Release|x86.ActiveCfg = Release|Any CPU
		{AADC0822-05EC-4FC0-9D78-8442450212FD}.Release|x86.Build.0 = Release|Any CPU
		{8E68B70D-ADF1-48E9-8DB8-A8F4E46F9B55}.Debug|Any CPU.ActiveCfg = Debug|Any CPU
		{8E68B70D-ADF1-48E9-8DB8-A8F4E46F9B55}.Debug|Any CPU.Build.0 = Debug|Any CPU
		{8E68B70D-ADF1-48E9-8DB8-A8F4E46F9B55}.Debug|x64.ActiveCfg = Debug|Any CPU
		{8E68B70D-ADF1-48E9-8DB8-A8F4E46F9B55}.Debug|x64.Build.0 = Debug|Any CPU
		{8E68B70D-ADF1-48E9-8DB8-A8F4E46F9B55}.Debug|x86.ActiveCfg = Debug|Any CPU
		{8E68B70D-ADF1-48E9-8DB8-A8F4E46F9B55}.Debug|x86.Build.0 = Debug|Any CPU
		{8E68B70D-ADF1-48E9-8DB8-A8F4E46F9B55}.Release|Any CPU.ActiveCfg = Release|Any CPU
		{8E68B70D-ADF1-48E9-8DB8-A8F4E46F9B55}.Release|Any CPU.Build.0 = Release|Any CPU
		{8E68B70D-ADF1-48E9-8DB8-A8F4E46F9B55}.Release|x64.ActiveCfg = Release|Any CPU
		{8E68B70D-ADF1-48E9-8DB8-A8F4E46F9B55}.Release|x64.Build.0 = Release|Any CPU
		{8E68B70D-ADF1-48E9-8DB8-A8F4E46F9B55}.Release|x86.ActiveCfg = Release|Any CPU
		{8E68B70D-ADF1-48E9-8DB8-A8F4E46F9B55}.Release|x86.Build.0 = Release|Any CPU
	EndGlobalSection
	GlobalSection(NestedProjects) = preSolution
		{E90F07F5-DBB5-427E-9E27-CA46264D3263} = {4D45D3DC-4EB8-4460-A7F0-1A13B498D346}
		{49070015-F0B3-4AE6-834A-E63A0AB72564} = {E90F07F5-DBB5-427E-9E27-CA46264D3263}
		{CE6EC630-68A8-465F-BAC1-6755F709E317} = {49070015-F0B3-4AE6-834A-E63A0AB72564}
		{89D5F292-B77C-4C9A-9550-FE03D6570EF9} = {49070015-F0B3-4AE6-834A-E63A0AB72564}
		{4EA4827A-268A-411F-BD22-37654B4E95C8} = {49070015-F0B3-4AE6-834A-E63A0AB72564}
		{BF3C2A68-C12A-4835-B265-DAB9D59662F0} = {49070015-F0B3-4AE6-834A-E63A0AB72564}
		{99109141-98FD-4595-9E0E-E11688A4FCC1} = {4D45D3DC-4EB8-4460-A7F0-1A13B498D346}
		{E67043F4-7351-45CF-A3CF-84E9E8B130B7} = {99109141-98FD-4595-9E0E-E11688A4FCC1}
		{AADC0822-05EC-4FC0-9D78-8442450212FD} = {99109141-98FD-4595-9E0E-E11688A4FCC1}
		{8E68B70D-ADF1-48E9-8DB8-A8F4E46F9B55} = {99109141-98FD-4595-9E0E-E11688A4FCC1}
	EndGlobalSection
EndGlobal
